// !$*UTF8*$!
{
	archiveVersion = 1;
	classes = {
	};
	objectVersion = 55;
	objects = {

/* Begin PBXBuildFile section */
		04060FCA2859077C00DF93F6 /* SF-Pro.ttf in Resources */ = {isa = PBXBuildFile; fileRef = 04060FC92859077C00DF93F6 /* SF-Pro.ttf */; };
		04060FD12859343C00DF93F6 /* Localizable.strings in Resources */ = {isa = PBXBuildFile; fileRef = 04060FD32859343C00DF93F6 /* Localizable.strings */; };
		04060FD52859345300DF93F6 /* Localization.swift in Sources */ = {isa = PBXBuildFile; fileRef = 04060FD42859345300DF93F6 /* Localization.swift */; };
		04060FD928593BBD00DF93F6 /* ExploreMoreCollectionView.swift in Sources */ = {isa = PBXBuildFile; fileRef = 04060FD828593BBD00DF93F6 /* ExploreMoreCollectionView.swift */; };
		04060FDB28593BEC00DF93F6 /* ExploreMoreCollectionViewCell.swift in Sources */ = {isa = PBXBuildFile; fileRef = 04060FDA28593BEC00DF93F6 /* ExploreMoreCollectionViewCell.swift */; };
		041D6536286EECAC008E5BD6 /* HeroesListCoordinator.swift in Sources */ = {isa = PBXBuildFile; fileRef = 041D6535286EECAC008E5BD6 /* HeroesListCoordinator.swift */; };
		044018AC286F0BF500844035 /* ModuleBuilder.swift in Sources */ = {isa = PBXBuildFile; fileRef = 044018AA286F0BF500844035 /* ModuleBuilder.swift */; };
		044018AD286F0BF500844035 /* Coordinator.swift in Sources */ = {isa = PBXBuildFile; fileRef = 044018AB286F0BF500844035 /* Coordinator.swift */; };
		044018AF286F3E9700844035 /* UIColor + hex.swift in Sources */ = {isa = PBXBuildFile; fileRef = 044018AE286F3E9700844035 /* UIColor + hex.swift */; };
		044018B1286F42A800844035 /* Palette.swift in Sources */ = {isa = PBXBuildFile; fileRef = 044018B0286F42A800844035 /* Palette.swift */; };
		045C44B3286CA6360016084B /* HeroDetailsDataSource.swift in Sources */ = {isa = PBXBuildFile; fileRef = 045C44B2286CA6360016084B /* HeroDetailsDataSource.swift */; };
		045C44B6286CA7920016084B /* ExploreMoreCellModel.swift in Sources */ = {isa = PBXBuildFile; fileRef = 045C44B5286CA7920016084B /* ExploreMoreCellModel.swift */; };
		045C44B9286CA8B80016084B /* HeroDetailsViewModel.swift in Sources */ = {isa = PBXBuildFile; fileRef = 045C44B8286CA8B80016084B /* HeroDetailsViewModel.swift */; };
		045C44BB286CAB7A0016084B /* AppCoordinator.swift in Sources */ = {isa = PBXBuildFile; fileRef = 045C44BA286CAB7A0016084B /* AppCoordinator.swift */; };
		04643365286EF35C007EDCFD /* HeroDetailsCoordinator.swift in Sources */ = {isa = PBXBuildFile; fileRef = 04643364286EF35C007EDCFD /* HeroDetailsCoordinator.swift */; };
		04643368286F00D9007EDCFD /* ModuleType.swift in Sources */ = {isa = PBXBuildFile; fileRef = 04643367286F00D9007EDCFD /* ModuleType.swift */; };
		04968561284FD96E00C1F9A8 /* HeroesListViewUiDelegate.swift in Sources */ = {isa = PBXBuildFile; fileRef = 04968560284FD96E00C1F9A8 /* HeroesListViewUiDelegate.swift */; };
		04B430542869EAA800BD4904 /* NetworkError.swift in Sources */ = {isa = PBXBuildFile; fileRef = 04B430532869EAA800BD4904 /* NetworkError.swift */; };
		04B430562869EB9700BD4904 /* JSONResponse.swift in Sources */ = {isa = PBXBuildFile; fileRef = 04B430552869EB9700BD4904 /* JSONResponse.swift */; };
		04B430592869F93400BD4904 /* UIView + ext.swift in Sources */ = {isa = PBXBuildFile; fileRef = 04B430582869F93400BD4904 /* UIView + ext.swift */; };
		04B4306D286B818900BD4904 /* HeroesNetworkable.swift in Sources */ = {isa = PBXBuildFile; fileRef = 04B4306C286B818900BD4904 /* HeroesNetworkable.swift */; };
		04B43070286B81AE00BD4904 /* HeroesRepositorieble.swift in Sources */ = {isa = PBXBuildFile; fileRef = 04B4306F286B81AE00BD4904 /* HeroesRepositorieble.swift */; };
		04C5C19F284FDA3D0096D272 /* HeroesListPresenter.swift in Sources */ = {isa = PBXBuildFile; fileRef = 04C5C19E284FDA3D0096D272 /* HeroesListPresenter.swift */; };
		04C5C1A1284FDA5D0096D272 /* HeroesListViewOutput.swift in Sources */ = {isa = PBXBuildFile; fileRef = 04C5C1A0284FDA5D0096D272 /* HeroesListViewOutput.swift */; };
		04C5C1A3284FDA630096D272 /* HeroesListViewInput.swift in Sources */ = {isa = PBXBuildFile; fileRef = 04C5C1A2284FDA630096D272 /* HeroesListViewInput.swift */; };
		04C5C1A5284FDD890096D272 /* HeroesSeleсtingCollectionView.swift in Sources */ = {isa = PBXBuildFile; fileRef = 04C5C1A4284FDD890096D272 /* HeroesSeleсtingCollectionView.swift */; };
		04C5C1A7284FDDCA0096D272 /* HeroSeleсtingCollectionViewCell.swift in Sources */ = {isa = PBXBuildFile; fileRef = 04C5C1A6284FDDCA0096D272 /* HeroSeleсtingCollectionViewCell.swift */; };
		04C5C1AB284FEC7A0096D272 /* NetworkService.swift in Sources */ = {isa = PBXBuildFile; fileRef = 04C5C1AA284FEC7A0096D272 /* NetworkService.swift */; };
		04C5C1AE284FED200096D272 /* Hero.swift in Sources */ = {isa = PBXBuildFile; fileRef = 04C5C1AD284FED200096D272 /* Hero.swift */; };
		04C5C1B1284FEE090096D272 /* HeroSeleсtingCellModel.swift in Sources */ = {isa = PBXBuildFile; fileRef = 04C5C1B0284FEE090096D272 /* HeroSeleсtingCellModel.swift */; };
		04C5C1B3284FF12D0096D272 /* ImageCache.swift in Sources */ = {isa = PBXBuildFile; fileRef = 04C5C1B2284FF12D0096D272 /* ImageCache.swift */; };
		04C5C1B5284FF16F0096D272 /* CharacterImageView.swift in Sources */ = {isa = PBXBuildFile; fileRef = 04C5C1B4284FF16F0096D272 /* CharacterImageView.swift */; };
		04C5C1B8284FF77B0096D272 /* HeroesListDataSource.swift in Sources */ = {isa = PBXBuildFile; fileRef = 04C5C1B7284FF77B0096D272 /* HeroesListDataSource.swift */; };
		04C5C1BB28500F5F0096D272 /* HeroesRepository.swift in Sources */ = {isa = PBXBuildFile; fileRef = 04C5C1BA28500F5F0096D272 /* HeroesRepository.swift */; };
		04C5C1BF285019980096D272 /* MarvelBarButtonItem.swift in Sources */ = {isa = PBXBuildFile; fileRef = 04C5C1BE285019980096D272 /* MarvelBarButtonItem.swift */; };
		04C5C1CE285152630096D272 /* UIImage + ext.swift in Sources */ = {isa = PBXBuildFile; fileRef = 04C5C1CD285152630096D272 /* UIImage + ext.swift */; };
		04C5C1D1285168FA0096D272 /* HeroDetailsViewController.swift in Sources */ = {isa = PBXBuildFile; fileRef = 04C5C1D0285168FA0096D272 /* HeroDetailsViewController.swift */; };
		04C5C1D3285169490096D272 /* HeroDetailsView.swift in Sources */ = {isa = PBXBuildFile; fileRef = 04C5C1D2285169490096D272 /* HeroDetailsView.swift */; };
		04C5C1D6285169D10096D272 /* HeroDetailsViewUiDelegate.swift in Sources */ = {isa = PBXBuildFile; fileRef = 04C5C1D5285169D10096D272 /* HeroDetailsViewUiDelegate.swift */; };
		04C5C1DA28516B390096D272 /* HeroDetailsPresenter.swift in Sources */ = {isa = PBXBuildFile; fileRef = 04C5C1D928516B390096D272 /* HeroDetailsPresenter.swift */; };
		04C5C1DC28516B750096D272 /* HeroDetailsViewOutput.swift in Sources */ = {isa = PBXBuildFile; fileRef = 04C5C1DB28516B750096D272 /* HeroDetailsViewOutput.swift */; };
		04C5C1DE28516B9F0096D272 /* HeroDetailsViewInput.swift in Sources */ = {isa = PBXBuildFile; fileRef = 04C5C1DD28516B9F0096D272 /* HeroDetailsViewInput.swift */; };
		04C5C1E128516C810096D272 /* HeroDetailsViewModuleBuilder.swift in Sources */ = {isa = PBXBuildFile; fileRef = 04C5C1E028516C810096D272 /* HeroDetailsViewModuleBuilder.swift */; };
		04CFB6B72864ECAC00A2FED7 /* FontLibrary.swift in Sources */ = {isa = PBXBuildFile; fileRef = 04CFB6B62864ECAC00A2FED7 /* FontLibrary.swift */; };
		04FE0A1D284FC90A00839CBF /* AppDelegate.swift in Sources */ = {isa = PBXBuildFile; fileRef = 04FE0A1C284FC90A00839CBF /* AppDelegate.swift */; };
		04FE0A21284FC90A00839CBF /* HeroesListViewController.swift in Sources */ = {isa = PBXBuildFile; fileRef = 04FE0A20284FC90A00839CBF /* HeroesListViewController.swift */; };
		04FE0A26284FC90B00839CBF /* Images.xcassets in Resources */ = {isa = PBXBuildFile; fileRef = 04FE0A25284FC90B00839CBF /* Images.xcassets */; };
		04FE0A29284FC90B00839CBF /* LaunchScreen.storyboard in Resources */ = {isa = PBXBuildFile; fileRef = 04FE0A27284FC90B00839CBF /* LaunchScreen.storyboard */; };
		04FE0A33284FC99F00839CBF /* HeroesListModuleBuilder.swift in Sources */ = {isa = PBXBuildFile; fileRef = 04FE0A32284FC99F00839CBF /* HeroesListModuleBuilder.swift */; };
		04FE0A3D284FCAAD00839CBF /* HeroesListView.swift in Sources */ = {isa = PBXBuildFile; fileRef = 04FE0A3C284FCAAD00839CBF /* HeroesListView.swift */; };
/* End PBXBuildFile section */

/* Begin PBXFileReference section */
		04060FC92859077C00DF93F6 /* SF-Pro.ttf */ = {isa = PBXFileReference; lastKnownFileType = file; path = "SF-Pro.ttf"; sourceTree = "<group>"; };
		04060FD22859343C00DF93F6 /* en */ = {isa = PBXFileReference; lastKnownFileType = text.plist.strings; name = en; path = en.lproj/Localizable.strings; sourceTree = "<group>"; };
		04060FD42859345300DF93F6 /* Localization.swift */ = {isa = PBXFileReference; lastKnownFileType = sourcecode.swift; path = Localization.swift; sourceTree = "<group>"; };
		04060FD828593BBD00DF93F6 /* ExploreMoreCollectionView.swift */ = {isa = PBXFileReference; lastKnownFileType = sourcecode.swift; path = ExploreMoreCollectionView.swift; sourceTree = "<group>"; };
		04060FDA28593BEC00DF93F6 /* ExploreMoreCollectionViewCell.swift */ = {isa = PBXFileReference; lastKnownFileType = sourcecode.swift; path = ExploreMoreCollectionViewCell.swift; sourceTree = "<group>"; };
		041D6535286EECAC008E5BD6 /* HeroesListCoordinator.swift */ = {isa = PBXFileReference; lastKnownFileType = sourcecode.swift; path = HeroesListCoordinator.swift; sourceTree = "<group>"; };
		044018AA286F0BF500844035 /* ModuleBuilder.swift */ = {isa = PBXFileReference; fileEncoding = 4; lastKnownFileType = sourcecode.swift; path = ModuleBuilder.swift; sourceTree = "<group>"; };
		044018AB286F0BF500844035 /* Coordinator.swift */ = {isa = PBXFileReference; fileEncoding = 4; lastKnownFileType = sourcecode.swift; path = Coordinator.swift; sourceTree = "<group>"; };
		044018AE286F3E9700844035 /* UIColor + hex.swift */ = {isa = PBXFileReference; lastKnownFileType = sourcecode.swift; path = "UIColor + hex.swift"; sourceTree = "<group>"; };
		044018B0286F42A800844035 /* Palette.swift */ = {isa = PBXFileReference; lastKnownFileType = sourcecode.swift; path = Palette.swift; sourceTree = "<group>"; };
		045C44B2286CA6360016084B /* HeroDetailsDataSource.swift */ = {isa = PBXFileReference; lastKnownFileType = sourcecode.swift; path = HeroDetailsDataSource.swift; sourceTree = "<group>"; };
		045C44B5286CA7920016084B /* ExploreMoreCellModel.swift */ = {isa = PBXFileReference; lastKnownFileType = sourcecode.swift; path = ExploreMoreCellModel.swift; sourceTree = "<group>"; };
		045C44B8286CA8B80016084B /* HeroDetailsViewModel.swift */ = {isa = PBXFileReference; lastKnownFileType = sourcecode.swift; path = HeroDetailsViewModel.swift; sourceTree = "<group>"; };
		045C44BA286CAB7A0016084B /* AppCoordinator.swift */ = {isa = PBXFileReference; lastKnownFileType = sourcecode.swift; path = AppCoordinator.swift; sourceTree = "<group>"; };
		04643364286EF35C007EDCFD /* HeroDetailsCoordinator.swift */ = {isa = PBXFileReference; lastKnownFileType = sourcecode.swift; path = HeroDetailsCoordinator.swift; sourceTree = "<group>"; };
		04643367286F00D9007EDCFD /* ModuleType.swift */ = {isa = PBXFileReference; lastKnownFileType = sourcecode.swift; path = ModuleType.swift; sourceTree = "<group>"; };
		04968560284FD96E00C1F9A8 /* HeroesListViewUiDelegate.swift */ = {isa = PBXFileReference; lastKnownFileType = sourcecode.swift; path = HeroesListViewUiDelegate.swift; sourceTree = "<group>"; };
		04B430532869EAA800BD4904 /* NetworkError.swift */ = {isa = PBXFileReference; lastKnownFileType = sourcecode.swift; path = NetworkError.swift; sourceTree = "<group>"; };
		04B430552869EB9700BD4904 /* JSONResponse.swift */ = {isa = PBXFileReference; lastKnownFileType = sourcecode.swift; path = JSONResponse.swift; sourceTree = "<group>"; };
		04B430582869F93400BD4904 /* UIView + ext.swift */ = {isa = PBXFileReference; lastKnownFileType = sourcecode.swift; path = "UIView + ext.swift"; sourceTree = "<group>"; };
		04B4306C286B818900BD4904 /* HeroesNetworkable.swift */ = {isa = PBXFileReference; lastKnownFileType = sourcecode.swift; path = HeroesNetworkable.swift; sourceTree = "<group>"; };
		04B4306F286B81AE00BD4904 /* HeroesRepositorieble.swift */ = {isa = PBXFileReference; lastKnownFileType = sourcecode.swift; path = HeroesRepositorieble.swift; sourceTree = "<group>"; };
		04C5C19E284FDA3D0096D272 /* HeroesListPresenter.swift */ = {isa = PBXFileReference; lastKnownFileType = sourcecode.swift; path = HeroesListPresenter.swift; sourceTree = "<group>"; };
		04C5C1A0284FDA5D0096D272 /* HeroesListViewOutput.swift */ = {isa = PBXFileReference; lastKnownFileType = sourcecode.swift; path = HeroesListViewOutput.swift; sourceTree = "<group>"; };
		04C5C1A2284FDA630096D272 /* HeroesListViewInput.swift */ = {isa = PBXFileReference; lastKnownFileType = sourcecode.swift; path = HeroesListViewInput.swift; sourceTree = "<group>"; };
		04C5C1A4284FDD890096D272 /* HeroesSeleсtingCollectionView.swift */ = {isa = PBXFileReference; lastKnownFileType = sourcecode.swift; path = "HeroesSeleсtingCollectionView.swift"; sourceTree = "<group>"; };
		04C5C1A6284FDDCA0096D272 /* HeroSeleсtingCollectionViewCell.swift */ = {isa = PBXFileReference; lastKnownFileType = sourcecode.swift; path = "HeroSeleсtingCollectionViewCell.swift"; sourceTree = "<group>"; };
		04C5C1AA284FEC7A0096D272 /* NetworkService.swift */ = {isa = PBXFileReference; lastKnownFileType = sourcecode.swift; path = NetworkService.swift; sourceTree = "<group>"; };
		04C5C1AD284FED200096D272 /* Hero.swift */ = {isa = PBXFileReference; lastKnownFileType = sourcecode.swift; path = Hero.swift; sourceTree = "<group>"; };
		04C5C1B0284FEE090096D272 /* HeroSeleсtingCellModel.swift */ = {isa = PBXFileReference; lastKnownFileType = sourcecode.swift; path = "HeroSeleсtingCellModel.swift"; sourceTree = "<group>"; };
		04C5C1B2284FF12D0096D272 /* ImageCache.swift */ = {isa = PBXFileReference; lastKnownFileType = sourcecode.swift; path = ImageCache.swift; sourceTree = "<group>"; };
		04C5C1B4284FF16F0096D272 /* CharacterImageView.swift */ = {isa = PBXFileReference; lastKnownFileType = sourcecode.swift; path = CharacterImageView.swift; sourceTree = "<group>"; };
		04C5C1B7284FF77B0096D272 /* HeroesListDataSource.swift */ = {isa = PBXFileReference; lastKnownFileType = sourcecode.swift; path = HeroesListDataSource.swift; sourceTree = "<group>"; };
		04C5C1BA28500F5F0096D272 /* HeroesRepository.swift */ = {isa = PBXFileReference; lastKnownFileType = sourcecode.swift; path = HeroesRepository.swift; sourceTree = "<group>"; };
		04C5C1BE285019980096D272 /* MarvelBarButtonItem.swift */ = {isa = PBXFileReference; lastKnownFileType = sourcecode.swift; path = MarvelBarButtonItem.swift; sourceTree = "<group>"; };
		04C5C1CD285152630096D272 /* UIImage + ext.swift */ = {isa = PBXFileReference; lastKnownFileType = sourcecode.swift; path = "UIImage + ext.swift"; sourceTree = "<group>"; };
		04C5C1D0285168FA0096D272 /* HeroDetailsViewController.swift */ = {isa = PBXFileReference; lastKnownFileType = sourcecode.swift; path = HeroDetailsViewController.swift; sourceTree = "<group>"; };
		04C5C1D2285169490096D272 /* HeroDetailsView.swift */ = {isa = PBXFileReference; lastKnownFileType = sourcecode.swift; path = HeroDetailsView.swift; sourceTree = "<group>"; };
		04C5C1D5285169D10096D272 /* HeroDetailsViewUiDelegate.swift */ = {isa = PBXFileReference; lastKnownFileType = sourcecode.swift; path = HeroDetailsViewUiDelegate.swift; sourceTree = "<group>"; };
		04C5C1D928516B390096D272 /* HeroDetailsPresenter.swift */ = {isa = PBXFileReference; lastKnownFileType = sourcecode.swift; path = HeroDetailsPresenter.swift; sourceTree = "<group>"; };
		04C5C1DB28516B750096D272 /* HeroDetailsViewOutput.swift */ = {isa = PBXFileReference; lastKnownFileType = sourcecode.swift; path = HeroDetailsViewOutput.swift; sourceTree = "<group>"; };
		04C5C1DD28516B9F0096D272 /* HeroDetailsViewInput.swift */ = {isa = PBXFileReference; lastKnownFileType = sourcecode.swift; path = HeroDetailsViewInput.swift; sourceTree = "<group>"; };
		04C5C1E028516C810096D272 /* HeroDetailsViewModuleBuilder.swift */ = {isa = PBXFileReference; lastKnownFileType = sourcecode.swift; path = HeroDetailsViewModuleBuilder.swift; sourceTree = "<group>"; };
		04CFB6B62864ECAC00A2FED7 /* FontLibrary.swift */ = {isa = PBXFileReference; lastKnownFileType = sourcecode.swift; path = FontLibrary.swift; sourceTree = "<group>"; };
		04FE0A19284FC90A00839CBF /* marvelgram.app */ = {isa = PBXFileReference; explicitFileType = wrapper.application; includeInIndex = 0; path = marvelgram.app; sourceTree = BUILT_PRODUCTS_DIR; };
		04FE0A1C284FC90A00839CBF /* AppDelegate.swift */ = {isa = PBXFileReference; lastKnownFileType = sourcecode.swift; path = AppDelegate.swift; sourceTree = "<group>"; };
		04FE0A20284FC90A00839CBF /* HeroesListViewController.swift */ = {isa = PBXFileReference; lastKnownFileType = sourcecode.swift; path = HeroesListViewController.swift; sourceTree = "<group>"; };
		04FE0A25284FC90B00839CBF /* Images.xcassets */ = {isa = PBXFileReference; lastKnownFileType = folder.assetcatalog; path = Images.xcassets; sourceTree = "<group>"; };
		04FE0A28284FC90B00839CBF /* Base */ = {isa = PBXFileReference; lastKnownFileType = file.storyboard; name = Base; path = Base.lproj/LaunchScreen.storyboard; sourceTree = "<group>"; };
		04FE0A2A284FC90B00839CBF /* Info.plist */ = {isa = PBXFileReference; lastKnownFileType = text.plist.xml; path = Info.plist; sourceTree = "<group>"; };
		04FE0A32284FC99F00839CBF /* HeroesListModuleBuilder.swift */ = {isa = PBXFileReference; lastKnownFileType = sourcecode.swift; path = HeroesListModuleBuilder.swift; sourceTree = "<group>"; };
		04FE0A3C284FCAAD00839CBF /* HeroesListView.swift */ = {isa = PBXFileReference; lastKnownFileType = sourcecode.swift; path = HeroesListView.swift; sourceTree = "<group>"; };
/* End PBXFileReference section */

/* Begin PBXFrameworksBuildPhase section */
		04FE0A16284FC90A00839CBF /* Frameworks */ = {
			isa = PBXFrameworksBuildPhase;
			buildActionMask = 2147483647;
			files = (
			);
			runOnlyForDeploymentPostprocessing = 0;
		};
/* End PBXFrameworksBuildPhase section */

/* Begin PBXGroup section */
		041D6537286EECC1008E5BD6 /* Coordinating */ = {
			isa = PBXGroup;
			children = (
				041D6535286EECAC008E5BD6 /* HeroesListCoordinator.swift */,
			);
			path = Coordinating;
			sourceTree = "<group>";
		};
		044018A9286F0BF500844035 /* Supporting Files */ = {
			isa = PBXGroup;
			children = (
				044018AB286F0BF500844035 /* Coordinator.swift */,
				044018AA286F0BF500844035 /* ModuleBuilder.swift */,
			);
			path = "Supporting Files";
			sourceTree = "<group>";
		};
		045C44B4286CA63B0016084B /* DataSource */ = {
			isa = PBXGroup;
			children = (
				045C44B2286CA6360016084B /* HeroDetailsDataSource.swift */,
				045C44B7286CA7970016084B /* Models */,
			);
			path = DataSource;
			sourceTree = "<group>";
		};
		045C44B7286CA7970016084B /* Models */ = {
			isa = PBXGroup;
			children = (
				045C44B8286CA8B80016084B /* HeroDetailsViewModel.swift */,
				045C44B5286CA7920016084B /* ExploreMoreCellModel.swift */,
			);
			path = Models;
			sourceTree = "<group>";
		};
		04643366286EF360007EDCFD /* Coordinating */ = {
			isa = PBXGroup;
			children = (
				04643364286EF35C007EDCFD /* HeroDetailsCoordinator.swift */,
			);
			path = Coordinating;
			sourceTree = "<group>";
		};
		046E6CF02864EA490015CE31 /* Resources */ = {
			isa = PBXGroup;
			children = (
				04FE0A27284FC90B00839CBF /* LaunchScreen.storyboard */,
				04FE0A25284FC90B00839CBF /* Images.xcassets */,
				04060FD32859343C00DF93F6 /* Localizable.strings */,
				04060FC92859077C00DF93F6 /* SF-Pro.ttf */,
			);
			path = Resources;
			sourceTree = "<group>";
		};
		046E6CF12864EA7E0015CE31 /* Sources */ = {
			isa = PBXGroup;
			children = (
				04FE0A34284FC9C700839CBF /* App */,
				04CFB6B82864EDE400A2FED7 /* Services */,
				04FE0A39284FCA1B00839CBF /* Modules */,
				04B430502869E74500BD4904 /* Enums */,
				04FE0A37284FC9F500839CBF /* Extensions */,
				044018A9286F0BF500844035 /* Supporting Files */,
			);
			path = Sources;
			sourceTree = "<group>";
		};
		04B430502869E74500BD4904 /* Enums */ = {
			isa = PBXGroup;
			children = (
				044018B0286F42A800844035 /* Palette.swift */,
				04CFB6B62864ECAC00A2FED7 /* FontLibrary.swift */,
				04060FD42859345300DF93F6 /* Localization.swift */,
				04643367286F00D9007EDCFD /* ModuleType.swift */,
				04B430532869EAA800BD4904 /* NetworkError.swift */,
				04B430552869EB9700BD4904 /* JSONResponse.swift */,
			);
			path = Enums;
			sourceTree = "<group>";
		};
		04B430512869EA5800BD4904 /* Entity */ = {
			isa = PBXGroup;
			children = (
				04C5C1AD284FED200096D272 /* Hero.swift */,
			);
			path = Entity;
			sourceTree = "<group>";
		};
		04B430572869F7C500BD4904 /* Controllers */ = {
			isa = PBXGroup;
			children = (
				04C5C1A0284FDA5D0096D272 /* HeroesListViewOutput.swift */,
				04FE0A20284FC90A00839CBF /* HeroesListViewController.swift */,
			);
			path = Controllers;
			sourceTree = "<group>";
		};
		04B4305B2869FCAA00BD4904 /* Controllers */ = {
			isa = PBXGroup;
			children = (
				04C5C1DB28516B750096D272 /* HeroDetailsViewOutput.swift */,
				04C5C1D0285168FA0096D272 /* HeroDetailsViewController.swift */,
			);
			path = Controllers;
			sourceTree = "<group>";
		};
		04B4305C2869FCE000BD4904 /* ExploreMoreCollectionView */ = {
			isa = PBXGroup;
			children = (
				04060FD828593BBD00DF93F6 /* ExploreMoreCollectionView.swift */,
				04060FDA28593BEC00DF93F6 /* ExploreMoreCollectionViewCell.swift */,
			);
			path = ExploreMoreCollectionView;
			sourceTree = "<group>";
		};
		04B4305D2869FF6100BD4904 /* HeroesSeleсting */ = {
			isa = PBXGroup;
			children = (
				04C5C1A4284FDD890096D272 /* HeroesSeleсtingCollectionView.swift */,
				04E78BC9286DB65700E936E3 /* Cell */,
			);
			path = "HeroesSeleсting";
			sourceTree = "<group>";
		};
		04B4306E286B81A100BD4904 /* Network */ = {
			isa = PBXGroup;
			children = (
				04B4306C286B818900BD4904 /* HeroesNetworkable.swift */,
				04C5C1AA284FEC7A0096D272 /* NetworkService.swift */,
			);
			path = Network;
			sourceTree = "<group>";
		};
		04B43071286B81BD00BD4904 /* Repository */ = {
			isa = PBXGroup;
			children = (
				04B4306F286B81AE00BD4904 /* HeroesRepositorieble.swift */,
				04C5C1BA28500F5F0096D272 /* HeroesRepository.swift */,
			);
			path = Repository;
			sourceTree = "<group>";
		};
		04B43072286B81E500BD4904 /* Cache */ = {
			isa = PBXGroup;
			children = (
				04C5C1B2284FF12D0096D272 /* ImageCache.swift */,
			);
			path = Cache;
			sourceTree = "<group>";
		};
		04C5C19C284FD9E80096D272 /* HeroesList */ = {
			isa = PBXGroup;
			children = (
				04FE0A3B284FCA2A00839CBF /* Assembly */,
				041D6537286EECC1008E5BD6 /* Coordinating */,
				04C5C1B6284FF7430096D272 /* DataSource */,
				04C5C19D284FDA220096D272 /* Presenters */,
				04B430572869F7C500BD4904 /* Controllers */,
				04FE0A3A284FCA2200839CBF /* Views */,
			);
			path = HeroesList;
			sourceTree = "<group>";
		};
		04C5C19D284FDA220096D272 /* Presenters */ = {
			isa = PBXGroup;
			children = (
				04C5C1A2284FDA630096D272 /* HeroesListViewInput.swift */,
				04C5C19E284FDA3D0096D272 /* HeroesListPresenter.swift */,
			);
			path = Presenters;
			sourceTree = "<group>";
		};
		04C5C1AF284FEDD90096D272 /* Models */ = {
			isa = PBXGroup;
			children = (
				04C5C1B0284FEE090096D272 /* HeroSeleсtingCellModel.swift */,
			);
			path = Models;
			sourceTree = "<group>";
		};
		04C5C1B6284FF7430096D272 /* DataSource */ = {
			isa = PBXGroup;
			children = (
				04C5C1B7284FF77B0096D272 /* HeroesListDataSource.swift */,
				04C5C1AF284FEDD90096D272 /* Models */,
			);
			path = DataSource;
			sourceTree = "<group>";
		};
		04C5C1CF2851688D0096D272 /* HeroDetails */ = {
			isa = PBXGroup;
			children = (
				04C5C1DF28516C6A0096D272 /* Assembly */,
				04643366286EF360007EDCFD /* Coordinating */,
				045C44B4286CA63B0016084B /* DataSource */,
				04C5C1D828516B1E0096D272 /* Presenters */,
				04B4305B2869FCAA00BD4904 /* Controllers */,
				04C5C1D7285169E10096D272 /* Views */,
			);
			path = HeroDetails;
			sourceTree = "<group>";
		};
		04C5C1D7285169E10096D272 /* Views */ = {
			isa = PBXGroup;
			children = (
				04C5C1D5285169D10096D272 /* HeroDetailsViewUiDelegate.swift */,
				04C5C1D2285169490096D272 /* HeroDetailsView.swift */,
				04B4305C2869FCE000BD4904 /* ExploreMoreCollectionView */,
			);
			path = Views;
			sourceTree = "<group>";
		};
		04C5C1D828516B1E0096D272 /* Presenters */ = {
			isa = PBXGroup;
			children = (
				04C5C1DD28516B9F0096D272 /* HeroDetailsViewInput.swift */,
				04C5C1D928516B390096D272 /* HeroDetailsPresenter.swift */,
			);
			path = Presenters;
			sourceTree = "<group>";
		};
		04C5C1DF28516C6A0096D272 /* Assembly */ = {
			isa = PBXGroup;
			children = (
				04C5C1E028516C810096D272 /* HeroDetailsViewModuleBuilder.swift */,
			);
			path = Assembly;
			sourceTree = "<group>";
		};
		04CFB6B82864EDE400A2FED7 /* Services */ = {
			isa = PBXGroup;
			children = (
				04B430512869EA5800BD4904 /* Entity */,
				04B43072286B81E500BD4904 /* Cache */,
				04B4306E286B81A100BD4904 /* Network */,
				04B43071286B81BD00BD4904 /* Repository */,
			);
			path = Services;
			sourceTree = "<group>";
		};
		04E78BC9286DB65700E936E3 /* Cell */ = {
			isa = PBXGroup;
			children = (
				04C5C1A6284FDDCA0096D272 /* HeroSeleсtingCollectionViewCell.swift */,
				04C5C1B4284FF16F0096D272 /* CharacterImageView.swift */,
			);
			path = Cell;
			sourceTree = "<group>";
		};
		04FE0A10284FC90A00839CBF = {
			isa = PBXGroup;
			children = (
				04FE0A1B284FC90A00839CBF /* marvelgram */,
				04FE0A1A284FC90A00839CBF /* Products */,
			);
			sourceTree = "<group>";
		};
		04FE0A1A284FC90A00839CBF /* Products */ = {
			isa = PBXGroup;
			children = (
				04FE0A19284FC90A00839CBF /* marvelgram.app */,
			);
			name = Products;
			sourceTree = "<group>";
		};
		04FE0A1B284FC90A00839CBF /* marvelgram */ = {
			isa = PBXGroup;
			children = (
				046E6CF12864EA7E0015CE31 /* Sources */,
				046E6CF02864EA490015CE31 /* Resources */,
				04FE0A2A284FC90B00839CBF /* Info.plist */,
			);
			path = marvelgram;
			sourceTree = "<group>";
		};
		04FE0A34284FC9C700839CBF /* App */ = {
			isa = PBXGroup;
			children = (
				04FE0A1C284FC90A00839CBF /* AppDelegate.swift */,
				045C44BA286CAB7A0016084B /* AppCoordinator.swift */,
			);
			path = App;
			sourceTree = "<group>";
		};
		04FE0A37284FC9F500839CBF /* Extensions */ = {
			isa = PBXGroup;
			children = (
				044018AE286F3E9700844035 /* UIColor + hex.swift */,
				04C5C1CD285152630096D272 /* UIImage + ext.swift */,
				04B430582869F93400BD4904 /* UIView + ext.swift */,
			);
			path = Extensions;
			sourceTree = "<group>";
		};
		04FE0A39284FCA1B00839CBF /* Modules */ = {
			isa = PBXGroup;
			children = (
				04C5C19C284FD9E80096D272 /* HeroesList */,
				04C5C1CF2851688D0096D272 /* HeroDetails */,
			);
			path = Modules;
			sourceTree = "<group>";
		};
		04FE0A3A284FCA2200839CBF /* Views */ = {
			isa = PBXGroup;
			children = (
				04968560284FD96E00C1F9A8 /* HeroesListViewUiDelegate.swift */,
				04FE0A3C284FCAAD00839CBF /* HeroesListView.swift */,
				04C5C1BE285019980096D272 /* MarvelBarButtonItem.swift */,
				04B4305D2869FF6100BD4904 /* HeroesSeleсting */,
			);
			path = Views;
			sourceTree = "<group>";
		};
		04FE0A3B284FCA2A00839CBF /* Assembly */ = {
			isa = PBXGroup;
			children = (
				04FE0A32284FC99F00839CBF /* HeroesListModuleBuilder.swift */,
			);
			path = Assembly;
			sourceTree = "<group>";
		};
/* End PBXGroup section */

/* Begin PBXNativeTarget section */
		04FE0A18284FC90A00839CBF /* marvelgram */ = {
			isa = PBXNativeTarget;
			buildConfigurationList = 04FE0A2D284FC90B00839CBF /* Build configuration list for PBXNativeTarget "marvelgram" */;
			buildPhases = (
				04C5C1BD285016990096D272 /* Run SwiftLint Script */,
				04FE0A15284FC90A00839CBF /* Sources */,
				04FE0A16284FC90A00839CBF /* Frameworks */,
				04FE0A17284FC90A00839CBF /* Resources */,
			);
			buildRules = (
			);
			dependencies = (
			);
			name = marvelgram;
			productName = marvelgram;
			productReference = 04FE0A19284FC90A00839CBF /* marvelgram.app */;
			productType = "com.apple.product-type.application";
		};
/* End PBXNativeTarget section */

/* Begin PBXProject section */
		04FE0A11284FC90A00839CBF /* Project object */ = {
			isa = PBXProject;
			attributes = {
				BuildIndependentTargetsInParallel = 1;
				LastSwiftUpdateCheck = 1330;
				LastUpgradeCheck = 1330;
				TargetAttributes = {
					04FE0A18284FC90A00839CBF = {
						CreatedOnToolsVersion = 13.3.1;
					};
				};
			};
			buildConfigurationList = 04FE0A14284FC90A00839CBF /* Build configuration list for PBXProject "marvelgram" */;
			compatibilityVersion = "Xcode 13.0";
			developmentRegion = en;
			hasScannedForEncodings = 0;
			knownRegions = (
				en,
				Base,
			);
			mainGroup = 04FE0A10284FC90A00839CBF;
			productRefGroup = 04FE0A1A284FC90A00839CBF /* Products */;
			projectDirPath = "";
			projectRoot = "";
			targets = (
				04FE0A18284FC90A00839CBF /* marvelgram */,
			);
		};
/* End PBXProject section */

/* Begin PBXResourcesBuildPhase section */
		04FE0A17284FC90A00839CBF /* Resources */ = {
			isa = PBXResourcesBuildPhase;
			buildActionMask = 2147483647;
			files = (
				04060FCA2859077C00DF93F6 /* SF-Pro.ttf in Resources */,
				04060FD12859343C00DF93F6 /* Localizable.strings in Resources */,
				04FE0A29284FC90B00839CBF /* LaunchScreen.storyboard in Resources */,
				04FE0A26284FC90B00839CBF /* Images.xcassets in Resources */,
			);
			runOnlyForDeploymentPostprocessing = 0;
		};
/* End PBXResourcesBuildPhase section */

/* Begin PBXShellScriptBuildPhase section */
		04C5C1BD285016990096D272 /* Run SwiftLint Script */ = {
			isa = PBXShellScriptBuildPhase;
			buildActionMask = 2147483647;
			files = (
			);
			inputFileListPaths = (
			);
			inputPaths = (
			);
			name = "Run SwiftLint Script";
			outputFileListPaths = (
			);
			outputPaths = (
			);
			runOnlyForDeploymentPostprocessing = 0;
			shellPath = /bin/sh;
			shellScript = "if test -d \"/opt/homebrew/bin/\"; then\n  PATH=\"/opt/homebrew/bin/:${PATH}\"\nfi\n\nexport PATH\n\nif which swiftlint >/dev/null; then\n  swiftlint\nelse\n  echo \"warning: SwiftLint not installed, download from https://github.com/realm/SwiftLint\"\nfi\n";
		};
/* End PBXShellScriptBuildPhase section */

/* Begin PBXSourcesBuildPhase section */
		04FE0A15284FC90A00839CBF /* Sources */ = {
			isa = PBXSourcesBuildPhase;
			buildActionMask = 2147483647;
			files = (
				045C44B6286CA7920016084B /* ExploreMoreCellModel.swift in Sources */,
				04C5C1E128516C810096D272 /* HeroDetailsViewModuleBuilder.swift in Sources */,
				04C5C1A5284FDD890096D272 /* HeroesSeleсtingCollectionView.swift in Sources */,
				04643365286EF35C007EDCFD /* HeroDetailsCoordinator.swift in Sources */,
				04FE0A33284FC99F00839CBF /* HeroesListModuleBuilder.swift in Sources */,
				04C5C1B3284FF12D0096D272 /* ImageCache.swift in Sources */,
				04FE0A21284FC90A00839CBF /* HeroesListViewController.swift in Sources */,
				045C44BB286CAB7A0016084B /* AppCoordinator.swift in Sources */,
				04FE0A1D284FC90A00839CBF /* AppDelegate.swift in Sources */,
				04C5C1D1285168FA0096D272 /* HeroDetailsViewController.swift in Sources */,
				04C5C1D3285169490096D272 /* HeroDetailsView.swift in Sources */,
				04B430592869F93400BD4904 /* UIView + ext.swift in Sources */,
				04C5C1A3284FDA630096D272 /* HeroesListViewInput.swift in Sources */,
				04C5C1D6285169D10096D272 /* HeroDetailsViewUiDelegate.swift in Sources */,
				04C5C1AE284FED200096D272 /* Hero.swift in Sources */,
				044018AC286F0BF500844035 /* ModuleBuilder.swift in Sources */,
				044018B1286F42A800844035 /* Palette.swift in Sources */,
				04C5C1A7284FDDCA0096D272 /* HeroSeleсtingCollectionViewCell.swift in Sources */,
				044018AD286F0BF500844035 /* Coordinator.swift in Sources */,
				04C5C1B5284FF16F0096D272 /* CharacterImageView.swift in Sources */,
				045C44B3286CA6360016084B /* HeroDetailsDataSource.swift in Sources */,
				04B430562869EB9700BD4904 /* JSONResponse.swift in Sources */,
				04060FD52859345300DF93F6 /* Localization.swift in Sources */,
				04643368286F00D9007EDCFD /* ModuleType.swift in Sources */,
				04968561284FD96E00C1F9A8 /* HeroesListViewUiDelegate.swift in Sources */,
				04CFB6B72864ECAC00A2FED7 /* FontLibrary.swift in Sources */,
				04C5C1B8284FF77B0096D272 /* HeroesListDataSource.swift in Sources */,
				04B430542869EAA800BD4904 /* NetworkError.swift in Sources */,
				04C5C1BF285019980096D272 /* MarvelBarButtonItem.swift in Sources */,
				04C5C1DC28516B750096D272 /* HeroDetailsViewOutput.swift in Sources */,
				04C5C1B1284FEE090096D272 /* HeroSeleсtingCellModel.swift in Sources */,
				04B4306D286B818900BD4904 /* HeroesNetworkable.swift in Sources */,
				045C44B9286CA8B80016084B /* HeroDetailsViewModel.swift in Sources */,
				04C5C1DE28516B9F0096D272 /* HeroDetailsViewInput.swift in Sources */,
				04C5C1CE285152630096D272 /* UIImage + ext.swift in Sources */,
				04FE0A3D284FCAAD00839CBF /* HeroesListView.swift in Sources */,
				04C5C1BB28500F5F0096D272 /* HeroesRepository.swift in Sources */,
				04C5C1AB284FEC7A0096D272 /* NetworkService.swift in Sources */,
				04C5C1DA28516B390096D272 /* HeroDetailsPresenter.swift in Sources */,
				04060FDB28593BEC00DF93F6 /* ExploreMoreCollectionViewCell.swift in Sources */,
				041D6536286EECAC008E5BD6 /* HeroesListCoordinator.swift in Sources */,
				044018AF286F3E9700844035 /* UIColor + hex.swift in Sources */,
				04060FD928593BBD00DF93F6 /* ExploreMoreCollectionView.swift in Sources */,
				04C5C1A1284FDA5D0096D272 /* HeroesListViewOutput.swift in Sources */,
				04C5C19F284FDA3D0096D272 /* HeroesListPresenter.swift in Sources */,
				04B43070286B81AE00BD4904 /* HeroesRepositorieble.swift in Sources */,
			);
			runOnlyForDeploymentPostprocessing = 0;
		};
/* End PBXSourcesBuildPhase section */

/* Begin PBXVariantGroup section */
		04060FD32859343C00DF93F6 /* Localizable.strings */ = {
			isa = PBXVariantGroup;
			children = (
				04060FD22859343C00DF93F6 /* en */,
			);
			name = Localizable.strings;
			sourceTree = "<group>";
		};
		04FE0A27284FC90B00839CBF /* LaunchScreen.storyboard */ = {
			isa = PBXVariantGroup;
			children = (
				04FE0A28284FC90B00839CBF /* Base */,
			);
			name = LaunchScreen.storyboard;
			sourceTree = "<group>";
		};
/* End PBXVariantGroup section */

/* Begin XCBuildConfiguration section */
		04FE0A2B284FC90B00839CBF /* Debug */ = {
			isa = XCBuildConfiguration;
			buildSettings = {
				ALWAYS_SEARCH_USER_PATHS = NO;
				CLANG_ANALYZER_LOCALIZABILITY_NONLOCALIZED = YES;
				CLANG_ANALYZER_NONNULL = YES;
				CLANG_ANALYZER_NUMBER_OBJECT_CONVERSION = YES_AGGRESSIVE;
				CLANG_CXX_LANGUAGE_STANDARD = "gnu++17";
				CLANG_ENABLE_MODULES = YES;
				CLANG_ENABLE_OBJC_ARC = YES;
				CLANG_ENABLE_OBJC_WEAK = YES;
				CLANG_WARN_BLOCK_CAPTURE_AUTORELEASING = YES;
				CLANG_WARN_BOOL_CONVERSION = YES;
				CLANG_WARN_COMMA = YES;
				CLANG_WARN_CONSTANT_CONVERSION = YES;
				CLANG_WARN_DEPRECATED_OBJC_IMPLEMENTATIONS = YES;
				CLANG_WARN_DIRECT_OBJC_ISA_USAGE = YES_ERROR;
				CLANG_WARN_DOCUMENTATION_COMMENTS = YES;
				CLANG_WARN_EMPTY_BODY = YES;
				CLANG_WARN_ENUM_CONVERSION = YES;
				CLANG_WARN_INFINITE_RECURSION = YES;
				CLANG_WARN_INT_CONVERSION = YES;
				CLANG_WARN_NON_LITERAL_NULL_CONVERSION = YES;
				CLANG_WARN_OBJC_IMPLICIT_RETAIN_SELF = YES;
				CLANG_WARN_OBJC_LITERAL_CONVERSION = YES;
				CLANG_WARN_OBJC_ROOT_CLASS = YES_ERROR;
				CLANG_WARN_QUOTED_INCLUDE_IN_FRAMEWORK_HEADER = YES;
				CLANG_WARN_RANGE_LOOP_ANALYSIS = YES;
				CLANG_WARN_STRICT_PROTOTYPES = YES;
				CLANG_WARN_SUSPICIOUS_MOVE = YES;
				CLANG_WARN_UNGUARDED_AVAILABILITY = YES_AGGRESSIVE;
				CLANG_WARN_UNREACHABLE_CODE = YES;
				CLANG_WARN__DUPLICATE_METHOD_MATCH = YES;
				COPY_PHASE_STRIP = NO;
				DEBUG_INFORMATION_FORMAT = dwarf;
				ENABLE_STRICT_OBJC_MSGSEND = YES;
				ENABLE_TESTABILITY = YES;
				GCC_C_LANGUAGE_STANDARD = gnu11;
				GCC_DYNAMIC_NO_PIC = NO;
				GCC_NO_COMMON_BLOCKS = YES;
				GCC_OPTIMIZATION_LEVEL = 0;
				GCC_PREPROCESSOR_DEFINITIONS = (
					"DEBUG=1",
					"$(inherited)",
				);
				GCC_WARN_64_TO_32_BIT_CONVERSION = YES;
				GCC_WARN_ABOUT_RETURN_TYPE = YES_ERROR;
				GCC_WARN_UNDECLARED_SELECTOR = YES;
				GCC_WARN_UNINITIALIZED_AUTOS = YES_AGGRESSIVE;
				GCC_WARN_UNUSED_FUNCTION = YES;
				GCC_WARN_UNUSED_VARIABLE = YES;
				IPHONEOS_DEPLOYMENT_TARGET = 15.4;
				MTL_ENABLE_DEBUG_INFO = INCLUDE_SOURCE;
				MTL_FAST_MATH = YES;
				ONLY_ACTIVE_ARCH = YES;
				SDKROOT = iphoneos;
				SWIFT_ACTIVE_COMPILATION_CONDITIONS = DEBUG;
				SWIFT_OPTIMIZATION_LEVEL = "-Onone";
			};
			name = Debug;
		};
		04FE0A2C284FC90B00839CBF /* Release */ = {
			isa = XCBuildConfiguration;
			buildSettings = {
				ALWAYS_SEARCH_USER_PATHS = NO;
				CLANG_ANALYZER_LOCALIZABILITY_NONLOCALIZED = YES;
				CLANG_ANALYZER_NONNULL = YES;
				CLANG_ANALYZER_NUMBER_OBJECT_CONVERSION = YES_AGGRESSIVE;
				CLANG_CXX_LANGUAGE_STANDARD = "gnu++17";
				CLANG_ENABLE_MODULES = YES;
				CLANG_ENABLE_OBJC_ARC = YES;
				CLANG_ENABLE_OBJC_WEAK = YES;
				CLANG_WARN_BLOCK_CAPTURE_AUTORELEASING = YES;
				CLANG_WARN_BOOL_CONVERSION = YES;
				CLANG_WARN_COMMA = YES;
				CLANG_WARN_CONSTANT_CONVERSION = YES;
				CLANG_WARN_DEPRECATED_OBJC_IMPLEMENTATIONS = YES;
				CLANG_WARN_DIRECT_OBJC_ISA_USAGE = YES_ERROR;
				CLANG_WARN_DOCUMENTATION_COMMENTS = YES;
				CLANG_WARN_EMPTY_BODY = YES;
				CLANG_WARN_ENUM_CONVERSION = YES;
				CLANG_WARN_INFINITE_RECURSION = YES;
				CLANG_WARN_INT_CONVERSION = YES;
				CLANG_WARN_NON_LITERAL_NULL_CONVERSION = YES;
				CLANG_WARN_OBJC_IMPLICIT_RETAIN_SELF = YES;
				CLANG_WARN_OBJC_LITERAL_CONVERSION = YES;
				CLANG_WARN_OBJC_ROOT_CLASS = YES_ERROR;
				CLANG_WARN_QUOTED_INCLUDE_IN_FRAMEWORK_HEADER = YES;
				CLANG_WARN_RANGE_LOOP_ANALYSIS = YES;
				CLANG_WARN_STRICT_PROTOTYPES = YES;
				CLANG_WARN_SUSPICIOUS_MOVE = YES;
				CLANG_WARN_UNGUARDED_AVAILABILITY = YES_AGGRESSIVE;
				CLANG_WARN_UNREACHABLE_CODE = YES;
				CLANG_WARN__DUPLICATE_METHOD_MATCH = YES;
				COPY_PHASE_STRIP = NO;
				DEBUG_INFORMATION_FORMAT = "dwarf-with-dsym";
				ENABLE_NS_ASSERTIONS = NO;
				ENABLE_STRICT_OBJC_MSGSEND = YES;
				GCC_C_LANGUAGE_STANDARD = gnu11;
				GCC_NO_COMMON_BLOCKS = YES;
				GCC_WARN_64_TO_32_BIT_CONVERSION = YES;
				GCC_WARN_ABOUT_RETURN_TYPE = YES_ERROR;
				GCC_WARN_UNDECLARED_SELECTOR = YES;
				GCC_WARN_UNINITIALIZED_AUTOS = YES_AGGRESSIVE;
				GCC_WARN_UNUSED_FUNCTION = YES;
				GCC_WARN_UNUSED_VARIABLE = YES;
				IPHONEOS_DEPLOYMENT_TARGET = 15.4;
				MTL_ENABLE_DEBUG_INFO = NO;
				MTL_FAST_MATH = YES;
				SDKROOT = iphoneos;
				SWIFT_COMPILATION_MODE = wholemodule;
				SWIFT_OPTIMIZATION_LEVEL = "-O";
				VALIDATE_PRODUCT = YES;
			};
			name = Release;
		};
		04FE0A2E284FC90B00839CBF /* Debug */ = {
			isa = XCBuildConfiguration;
			buildSettings = {
				ASSETCATALOG_COMPILER_APPICON_NAME = AppIcon;
				ASSETCATALOG_COMPILER_GLOBAL_ACCENT_COLOR_NAME = AccentColor;
				CODE_SIGN_STYLE = Automatic;
				CURRENT_PROJECT_VERSION = 1;
				DEVELOPMENT_TEAM = CSN823SSAY;
				GENERATE_INFOPLIST_FILE = YES;
				INFOPLIST_FILE = marvelgram/Info.plist;
				INFOPLIST_KEY_UIApplicationSupportsIndirectInputEvents = YES;
				INFOPLIST_KEY_UILaunchStoryboardName = LaunchScreen;
				INFOPLIST_KEY_UISupportedInterfaceOrientations = UIInterfaceOrientationPortrait;
				INFOPLIST_KEY_UISupportedInterfaceOrientations_iPad = "UIInterfaceOrientationPortrait UIInterfaceOrientationPortraitUpsideDown UIInterfaceOrientationLandscapeLeft UIInterfaceOrientationLandscapeRight";
				INFOPLIST_KEY_UISupportedInterfaceOrientations_iPhone = "UIInterfaceOrientationPortrait UIInterfaceOrientationLandscapeLeft UIInterfaceOrientationLandscapeRight";
				IPHONEOS_DEPLOYMENT_TARGET = 12.0;
				LD_RUNPATH_SEARCH_PATHS = (
					"$(inherited)",
					"@executable_path/Frameworks",
				);
				MARKETING_VERSION = 1.0;
				PRODUCT_BUNDLE_IDENTIFIER = com.mikhailchaus.marvelgram;
				PRODUCT_NAME = "$(TARGET_NAME)";
				SWIFT_EMIT_LOC_STRINGS = YES;
				SWIFT_VERSION = 5.0;
				TARGETED_DEVICE_FAMILY = 1;
			};
			name = Debug;
		};
		04FE0A2F284FC90B00839CBF /* Release */ = {
			isa = XCBuildConfiguration;
			buildSettings = {
				ASSETCATALOG_COMPILER_APPICON_NAME = AppIcon;
				ASSETCATALOG_COMPILER_GLOBAL_ACCENT_COLOR_NAME = AccentColor;
				CODE_SIGN_STYLE = Automatic;
				CURRENT_PROJECT_VERSION = 1;
				DEVELOPMENT_TEAM = CSN823SSAY;
				GENERATE_INFOPLIST_FILE = YES;
				INFOPLIST_FILE = marvelgram/Info.plist;
				INFOPLIST_KEY_UIApplicationSupportsIndirectInputEvents = YES;
				INFOPLIST_KEY_UILaunchStoryboardName = LaunchScreen;
				INFOPLIST_KEY_UISupportedInterfaceOrientations = UIInterfaceOrientationPortrait;
				INFOPLIST_KEY_UISupportedInterfaceOrientations_iPad = "UIInterfaceOrientationPortrait UIInterfaceOrientationPortraitUpsideDown UIInterfaceOrientationLandscapeLeft UIInterfaceOrientationLandscapeRight";
				INFOPLIST_KEY_UISupportedInterfaceOrientations_iPhone = "UIInterfaceOrientationPortrait UIInterfaceOrientationLandscapeLeft UIInterfaceOrientationLandscapeRight";
				IPHONEOS_DEPLOYMENT_TARGET = 12.0;
				LD_RUNPATH_SEARCH_PATHS = (
					"$(inherited)",
					"@executable_path/Frameworks",
				);
				MARKETING_VERSION = 1.0;
				PRODUCT_BUNDLE_IDENTIFIER = com.mikhailchaus.marvelgram;
				PRODUCT_NAME = "$(TARGET_NAME)";
				SWIFT_EMIT_LOC_STRINGS = YES;
				SWIFT_VERSION = 5.0;
				TARGETED_DEVICE_FAMILY = 1;
			};
			name = Release;
		};
/* End XCBuildConfiguration section */

/* Begin XCConfigurationList section */
		04FE0A14284FC90A00839CBF /* Build configuration list for PBXProject "marvelgram" */ = {
			isa = XCConfigurationList;
			buildConfigurations = (
				04FE0A2B284FC90B00839CBF /* Debug */,
				04FE0A2C284FC90B00839CBF /* Release */,
			);
			defaultConfigurationIsVisible = 0;
			defaultConfigurationName = Release;
		};
		04FE0A2D284FC90B00839CBF /* Build configuration list for PBXNativeTarget "marvelgram" */ = {
			isa = XCConfigurationList;
			buildConfigurations = (
				04FE0A2E284FC90B00839CBF /* Debug */,
				04FE0A2F284FC90B00839CBF /* Release */,
			);
			defaultConfigurationIsVisible = 0;
			defaultConfigurationName = Release;
		};
/* End XCConfigurationList section */
	};
	rootObject = 04FE0A11284FC90A00839CBF /* Project object */;
}
