// !$*UTF8*$!
{
	archiveVersion = 1;
	classes = {
	};
	objectVersion = 55;
	objects = {

/* Begin PBXBuildFile section */
		04060FCA2859077C00DF93F6 /* SF-Pro.ttf in Resources */ = {isa = PBXBuildFile; fileRef = 04060FC92859077C00DF93F6 /* SF-Pro.ttf */; };
		04060FD12859343C00DF93F6 /* Localizable.strings in Resources */ = {isa = PBXBuildFile; fileRef = 04060FD32859343C00DF93F6 /* Localizable.strings */; };
		04060FD52859345300DF93F6 /* Localization.swift in Sources */ = {isa = PBXBuildFile; fileRef = 04060FD42859345300DF93F6 /* Localization.swift */; };
		04060FD928593BBD00DF93F6 /* ExploreMoreCollectionView.swift in Sources */ = {isa = PBXBuildFile; fileRef = 04060FD828593BBD00DF93F6 /* ExploreMoreCollectionView.swift */; };
		04060FDB28593BEC00DF93F6 /* ExploreMoreCollectionViewCell.swift in Sources */ = {isa = PBXBuildFile; fileRef = 04060FDA28593BEC00DF93F6 /* ExploreMoreCollectionViewCell.swift */; };
		04968561284FD96E00C1F9A8 /* MainViewUiDelegate.swift in Sources */ = {isa = PBXBuildFile; fileRef = 04968560284FD96E00C1F9A8 /* MainViewUiDelegate.swift */; };
		04B430542869EAA800BD4904 /* NetworkError.swift in Sources */ = {isa = PBXBuildFile; fileRef = 04B430532869EAA800BD4904 /* NetworkError.swift */; };
		04B430562869EB9700BD4904 /* JSONResponse.swift in Sources */ = {isa = PBXBuildFile; fileRef = 04B430552869EB9700BD4904 /* JSONResponse.swift */; };
		04B430592869F93400BD4904 /* UIView + ext.swift in Sources */ = {isa = PBXBuildFile; fileRef = 04B430582869F93400BD4904 /* UIView + ext.swift */; };
		04B4305F286A34EC00BD4904 /* ColorAssets.xcassets in Resources */ = {isa = PBXBuildFile; fileRef = 04B4305E286A34EC00BD4904 /* ColorAssets.xcassets */; };
		04B43067286B592D00BD4904 /* Routable.swift in Sources */ = {isa = PBXBuildFile; fileRef = 04B43066286B592D00BD4904 /* Routable.swift */; };
		04C5C19F284FDA3D0096D272 /* MainPresenter.swift in Sources */ = {isa = PBXBuildFile; fileRef = 04C5C19E284FDA3D0096D272 /* MainPresenter.swift */; };
		04C5C1A1284FDA5D0096D272 /* MainViewOutput.swift in Sources */ = {isa = PBXBuildFile; fileRef = 04C5C1A0284FDA5D0096D272 /* MainViewOutput.swift */; };
		04C5C1A3284FDA630096D272 /* MainViewInput.swift in Sources */ = {isa = PBXBuildFile; fileRef = 04C5C1A2284FDA630096D272 /* MainViewInput.swift */; };
		04C5C1A5284FDD890096D272 /* HeroesCollectionView.swift in Sources */ = {isa = PBXBuildFile; fileRef = 04C5C1A4284FDD890096D272 /* HeroesCollectionView.swift */; };
		04C5C1A7284FDDCA0096D272 /* HeroCollectionViewCell.swift in Sources */ = {isa = PBXBuildFile; fileRef = 04C5C1A6284FDDCA0096D272 /* HeroCollectionViewCell.swift */; };
		04C5C1AB284FEC7A0096D272 /* NetworkManager.swift in Sources */ = {isa = PBXBuildFile; fileRef = 04C5C1AA284FEC7A0096D272 /* NetworkManager.swift */; };
		04C5C1AE284FED200096D272 /* Hero.swift in Sources */ = {isa = PBXBuildFile; fileRef = 04C5C1AD284FED200096D272 /* Hero.swift */; };
		04C5C1B1284FEE090096D272 /* HeroCellModel.swift in Sources */ = {isa = PBXBuildFile; fileRef = 04C5C1B0284FEE090096D272 /* HeroCellModel.swift */; };
		04C5C1B3284FF12D0096D272 /* ImageCache.swift in Sources */ = {isa = PBXBuildFile; fileRef = 04C5C1B2284FF12D0096D272 /* ImageCache.swift */; };
		04C5C1B5284FF16F0096D272 /* CharacterImageView.swift in Sources */ = {isa = PBXBuildFile; fileRef = 04C5C1B4284FF16F0096D272 /* CharacterImageView.swift */; };
		04C5C1B8284FF77B0096D272 /* MainDataSource.swift in Sources */ = {isa = PBXBuildFile; fileRef = 04C5C1B7284FF77B0096D272 /* MainDataSource.swift */; };
		04C5C1BB28500F5F0096D272 /* HeroesRepository.swift in Sources */ = {isa = PBXBuildFile; fileRef = 04C5C1BA28500F5F0096D272 /* HeroesRepository.swift */; };
		04C5C1BF285019980096D272 /* MarvelBarButtonItem.swift in Sources */ = {isa = PBXBuildFile; fileRef = 04C5C1BE285019980096D272 /* MarvelBarButtonItem.swift */; };
		04C5C1CE285152630096D272 /* UIImage + ext.swift in Sources */ = {isa = PBXBuildFile; fileRef = 04C5C1CD285152630096D272 /* UIImage + ext.swift */; };
		04C5C1D1285168FA0096D272 /* DetailViewController.swift in Sources */ = {isa = PBXBuildFile; fileRef = 04C5C1D0285168FA0096D272 /* DetailViewController.swift */; };
		04C5C1D3285169490096D272 /* DetailView.swift in Sources */ = {isa = PBXBuildFile; fileRef = 04C5C1D2285169490096D272 /* DetailView.swift */; };
		04C5C1D6285169D10096D272 /* DetailViewUiDelegate.swift in Sources */ = {isa = PBXBuildFile; fileRef = 04C5C1D5285169D10096D272 /* DetailViewUiDelegate.swift */; };
		04C5C1DA28516B390096D272 /* DetailPresenter.swift in Sources */ = {isa = PBXBuildFile; fileRef = 04C5C1D928516B390096D272 /* DetailPresenter.swift */; };
		04C5C1DC28516B750096D272 /* DetailViewOutput.swift in Sources */ = {isa = PBXBuildFile; fileRef = 04C5C1DB28516B750096D272 /* DetailViewOutput.swift */; };
		04C5C1DE28516B9F0096D272 /* DetailViewInput.swift in Sources */ = {isa = PBXBuildFile; fileRef = 04C5C1DD28516B9F0096D272 /* DetailViewInput.swift */; };
		04C5C1E128516C810096D272 /* DetailViewModuleBuilder.swift in Sources */ = {isa = PBXBuildFile; fileRef = 04C5C1E028516C810096D272 /* DetailViewModuleBuilder.swift */; };
		04CFB6B72864ECAC00A2FED7 /* FontLibrary.swift in Sources */ = {isa = PBXBuildFile; fileRef = 04CFB6B62864ECAC00A2FED7 /* FontLibrary.swift */; };
		04FE0A1D284FC90A00839CBF /* AppDelegate.swift in Sources */ = {isa = PBXBuildFile; fileRef = 04FE0A1C284FC90A00839CBF /* AppDelegate.swift */; };
		04FE0A1F284FC90A00839CBF /* SceneDelegate.swift in Sources */ = {isa = PBXBuildFile; fileRef = 04FE0A1E284FC90A00839CBF /* SceneDelegate.swift */; };
		04FE0A21284FC90A00839CBF /* MainViewController.swift in Sources */ = {isa = PBXBuildFile; fileRef = 04FE0A20284FC90A00839CBF /* MainViewController.swift */; };
		04FE0A26284FC90B00839CBF /* ImageAssets.xcassets in Resources */ = {isa = PBXBuildFile; fileRef = 04FE0A25284FC90B00839CBF /* ImageAssets.xcassets */; };
		04FE0A29284FC90B00839CBF /* LaunchScreen.storyboard in Resources */ = {isa = PBXBuildFile; fileRef = 04FE0A27284FC90B00839CBF /* LaunchScreen.storyboard */; };
		04FE0A31284FC98600839CBF /* ModuleBuilder.swift in Sources */ = {isa = PBXBuildFile; fileRef = 04FE0A30284FC98600839CBF /* ModuleBuilder.swift */; };
		04FE0A33284FC99F00839CBF /* MainViewModuleBuilder.swift in Sources */ = {isa = PBXBuildFile; fileRef = 04FE0A32284FC99F00839CBF /* MainViewModuleBuilder.swift */; };
		04FE0A36284FC9D600839CBF /* UIColor + ext.swift in Sources */ = {isa = PBXBuildFile; fileRef = 04FE0A35284FC9D600839CBF /* UIColor + ext.swift */; };
		04FE0A3D284FCAAD00839CBF /* MainView.swift in Sources */ = {isa = PBXBuildFile; fileRef = 04FE0A3C284FCAAD00839CBF /* MainView.swift */; };
/* End PBXBuildFile section */

/* Begin PBXFileReference section */
		04060FC92859077C00DF93F6 /* SF-Pro.ttf */ = {isa = PBXFileReference; lastKnownFileType = file; path = "SF-Pro.ttf"; sourceTree = "<group>"; };
		04060FD22859343C00DF93F6 /* en */ = {isa = PBXFileReference; lastKnownFileType = text.plist.strings; name = en; path = en.lproj/Localizable.strings; sourceTree = "<group>"; };
		04060FD42859345300DF93F6 /* Localization.swift */ = {isa = PBXFileReference; lastKnownFileType = sourcecode.swift; path = Localization.swift; sourceTree = "<group>"; };
		04060FD828593BBD00DF93F6 /* ExploreMoreCollectionView.swift */ = {isa = PBXFileReference; lastKnownFileType = sourcecode.swift; path = ExploreMoreCollectionView.swift; sourceTree = "<group>"; };
		04060FDA28593BEC00DF93F6 /* ExploreMoreCollectionViewCell.swift */ = {isa = PBXFileReference; lastKnownFileType = sourcecode.swift; path = ExploreMoreCollectionViewCell.swift; sourceTree = "<group>"; };
		04968560284FD96E00C1F9A8 /* MainViewUiDelegate.swift */ = {isa = PBXFileReference; lastKnownFileType = sourcecode.swift; path = MainViewUiDelegate.swift; sourceTree = "<group>"; };
		04B430532869EAA800BD4904 /* NetworkError.swift */ = {isa = PBXFileReference; lastKnownFileType = sourcecode.swift; path = NetworkError.swift; sourceTree = "<group>"; };
		04B430552869EB9700BD4904 /* JSONResponse.swift */ = {isa = PBXFileReference; lastKnownFileType = sourcecode.swift; path = JSONResponse.swift; sourceTree = "<group>"; };
		04B430582869F93400BD4904 /* UIView + ext.swift */ = {isa = PBXFileReference; lastKnownFileType = sourcecode.swift; path = "UIView + ext.swift"; sourceTree = "<group>"; };
		04B4305E286A34EC00BD4904 /* ColorAssets.xcassets */ = {isa = PBXFileReference; lastKnownFileType = folder.assetcatalog; path = ColorAssets.xcassets; sourceTree = "<group>"; };
		04C5C19E284FDA3D0096D272 /* MainPresenter.swift */ = {isa = PBXFileReference; lastKnownFileType = sourcecode.swift; path = MainPresenter.swift; sourceTree = "<group>"; };
		04C5C1A0284FDA5D0096D272 /* MainViewOutput.swift */ = {isa = PBXFileReference; lastKnownFileType = sourcecode.swift; path = MainViewOutput.swift; sourceTree = "<group>"; };
		04C5C1A2284FDA630096D272 /* MainViewInput.swift */ = {isa = PBXFileReference; lastKnownFileType = sourcecode.swift; path = MainViewInput.swift; sourceTree = "<group>"; };
		04C5C1A4284FDD890096D272 /* HeroesCollectionView.swift */ = {isa = PBXFileReference; lastKnownFileType = sourcecode.swift; path = HeroesCollectionView.swift; sourceTree = "<group>"; };
		04C5C1A6284FDDCA0096D272 /* HeroCollectionViewCell.swift */ = {isa = PBXFileReference; lastKnownFileType = sourcecode.swift; path = HeroCollectionViewCell.swift; sourceTree = "<group>"; };
		04C5C1AA284FEC7A0096D272 /* NetworkManager.swift */ = {isa = PBXFileReference; lastKnownFileType = sourcecode.swift; path = NetworkManager.swift; sourceTree = "<group>"; };
		04C5C1AD284FED200096D272 /* Hero.swift */ = {isa = PBXFileReference; lastKnownFileType = sourcecode.swift; path = Hero.swift; sourceTree = "<group>"; };
		04C5C1B0284FEE090096D272 /* HeroCellModel.swift */ = {isa = PBXFileReference; lastKnownFileType = sourcecode.swift; path = HeroCellModel.swift; sourceTree = "<group>"; };
		04C5C1B2284FF12D0096D272 /* ImageCache.swift */ = {isa = PBXFileReference; lastKnownFileType = sourcecode.swift; path = ImageCache.swift; sourceTree = "<group>"; };
		04C5C1B4284FF16F0096D272 /* CharacterImageView.swift */ = {isa = PBXFileReference; lastKnownFileType = sourcecode.swift; path = CharacterImageView.swift; sourceTree = "<group>"; };
		04C5C1B7284FF77B0096D272 /* MainDataSource.swift */ = {isa = PBXFileReference; lastKnownFileType = sourcecode.swift; path = MainDataSource.swift; sourceTree = "<group>"; };
		04C5C1BA28500F5F0096D272 /* HeroesRepository.swift */ = {isa = PBXFileReference; lastKnownFileType = sourcecode.swift; path = HeroesRepository.swift; sourceTree = "<group>"; };
		04C5C1BE285019980096D272 /* MarvelBarButtonItem.swift */ = {isa = PBXFileReference; lastKnownFileType = sourcecode.swift; path = MarvelBarButtonItem.swift; sourceTree = "<group>"; };
		04C5C1CD285152630096D272 /* UIImage + ext.swift */ = {isa = PBXFileReference; lastKnownFileType = sourcecode.swift; path = "UIImage + ext.swift"; sourceTree = "<group>"; };
		04C5C1D0285168FA0096D272 /* DetailViewController.swift */ = {isa = PBXFileReference; lastKnownFileType = sourcecode.swift; path = DetailViewController.swift; sourceTree = "<group>"; };
		04C5C1D2285169490096D272 /* DetailView.swift */ = {isa = PBXFileReference; lastKnownFileType = sourcecode.swift; path = DetailView.swift; sourceTree = "<group>"; };
		04C5C1D5285169D10096D272 /* DetailViewUiDelegate.swift */ = {isa = PBXFileReference; lastKnownFileType = sourcecode.swift; path = DetailViewUiDelegate.swift; sourceTree = "<group>"; };
		04C5C1D928516B390096D272 /* DetailPresenter.swift */ = {isa = PBXFileReference; lastKnownFileType = sourcecode.swift; path = DetailPresenter.swift; sourceTree = "<group>"; };
		04C5C1DB28516B750096D272 /* DetailViewOutput.swift */ = {isa = PBXFileReference; lastKnownFileType = sourcecode.swift; path = DetailViewOutput.swift; sourceTree = "<group>"; };
		04C5C1DD28516B9F0096D272 /* DetailViewInput.swift */ = {isa = PBXFileReference; lastKnownFileType = sourcecode.swift; path = DetailViewInput.swift; sourceTree = "<group>"; };
		04C5C1E028516C810096D272 /* DetailViewModuleBuilder.swift */ = {isa = PBXFileReference; lastKnownFileType = sourcecode.swift; path = DetailViewModuleBuilder.swift; sourceTree = "<group>"; };
		04CFB6B62864ECAC00A2FED7 /* FontLibrary.swift */ = {isa = PBXFileReference; lastKnownFileType = sourcecode.swift; path = FontLibrary.swift; sourceTree = "<group>"; };
		04FE0A19284FC90A00839CBF /* marvelgram.app */ = {isa = PBXFileReference; explicitFileType = wrapper.application; includeInIndex = 0; path = marvelgram.app; sourceTree = BUILT_PRODUCTS_DIR; };
		04FE0A1C284FC90A00839CBF /* AppDelegate.swift */ = {isa = PBXFileReference; lastKnownFileType = sourcecode.swift; path = AppDelegate.swift; sourceTree = "<group>"; };
		04FE0A1E284FC90A00839CBF /* SceneDelegate.swift */ = {isa = PBXFileReference; lastKnownFileType = sourcecode.swift; path = SceneDelegate.swift; sourceTree = "<group>"; };
		04FE0A20284FC90A00839CBF /* MainViewController.swift */ = {isa = PBXFileReference; lastKnownFileType = sourcecode.swift; path = MainViewController.swift; sourceTree = "<group>"; };
		04FE0A25284FC90B00839CBF /* ImageAssets.xcassets */ = {isa = PBXFileReference; lastKnownFileType = folder.assetcatalog; path = ImageAssets.xcassets; sourceTree = "<group>"; };
		04FE0A28284FC90B00839CBF /* Base */ = {isa = PBXFileReference; lastKnownFileType = file.storyboard; name = Base; path = Base.lproj/LaunchScreen.storyboard; sourceTree = "<group>"; };
		04FE0A2A284FC90B00839CBF /* Info.plist */ = {isa = PBXFileReference; lastKnownFileType = text.plist.xml; path = Info.plist; sourceTree = "<group>"; };
		04FE0A30284FC98600839CBF /* ModuleBuilder.swift */ = {isa = PBXFileReference; lastKnownFileType = sourcecode.swift; path = ModuleBuilder.swift; sourceTree = "<group>"; };
		04FE0A32284FC99F00839CBF /* MainViewModuleBuilder.swift */ = {isa = PBXFileReference; lastKnownFileType = sourcecode.swift; path = MainViewModuleBuilder.swift; sourceTree = "<group>"; };
		04FE0A35284FC9D600839CBF /* UIColor + ext.swift */ = {isa = PBXFileReference; lastKnownFileType = sourcecode.swift; path = "UIColor + ext.swift"; sourceTree = "<group>"; };
		04FE0A3C284FCAAD00839CBF /* MainView.swift */ = {isa = PBXFileReference; lastKnownFileType = sourcecode.swift; path = MainView.swift; sourceTree = "<group>"; };
/* End PBXFileReference section */

/* Begin PBXFrameworksBuildPhase section */
		04FE0A16284FC90A00839CBF /* Frameworks */ = {
			isa = PBXFrameworksBuildPhase;
			buildActionMask = 2147483647;
			files = (
			);
			runOnlyForDeploymentPostprocessing = 0;
		};
/* End PBXFrameworksBuildPhase section */

/* Begin PBXGroup section */
		046E6CF02864EA490015CE31 /* Resources */ = {
			isa = PBXGroup;
			children = (
				04FE0A27284FC90B00839CBF /* LaunchScreen.storyboard */,
				04FE0A25284FC90B00839CBF /* ImageAssets.xcassets */,
				04B4305E286A34EC00BD4904 /* ColorAssets.xcassets */,
				04060FD32859343C00DF93F6 /* Localizable.strings */,
				04060FC92859077C00DF93F6 /* SF-Pro.ttf */,
			);
			path = Resources;
			sourceTree = "<group>";
		};
		046E6CF12864EA7E0015CE31 /* Sources */ = {
			isa = PBXGroup;
			children = (
				04FE0A34284FC9C700839CBF /* App */,
				04CFB6B82864EDE400A2FED7 /* Services */,
				04FE0A39284FCA1B00839CBF /* Modules */,
				04B430502869E74500BD4904 /* Enums */,
				04FE0A37284FC9F500839CBF /* Extensions */,
			);
			path = Sources;
			sourceTree = "<group>";
		};
		04B430502869E74500BD4904 /* Enums */ = {
			isa = PBXGroup;
			children = (
				04060FD42859345300DF93F6 /* Localization.swift */,
				04CFB6B62864ECAC00A2FED7 /* FontLibrary.swift */,
				04B430532869EAA800BD4904 /* NetworkError.swift */,
				04B430552869EB9700BD4904 /* JSONResponse.swift */,
			);
			path = Enums;
			sourceTree = "<group>";
		};
		04B430512869EA5800BD4904 /* Entity */ = {
			isa = PBXGroup;
			children = (
				04C5C1AD284FED200096D272 /* Hero.swift */,
			);
			path = Entity;
			sourceTree = "<group>";
		};
		04B430572869F7C500BD4904 /* Controllers */ = {
			isa = PBXGroup;
			children = (
				04C5C1A0284FDA5D0096D272 /* MainViewOutput.swift */,
				04FE0A20284FC90A00839CBF /* MainViewController.swift */,
				04C5C1BE285019980096D272 /* MarvelBarButtonItem.swift */,
			);
			path = Controllers;
			sourceTree = "<group>";
		};
		04B4305B2869FCAA00BD4904 /* Controllers */ = {
			isa = PBXGroup;
			children = (
				04C5C1DB28516B750096D272 /* DetailViewOutput.swift */,
				04C5C1D0285168FA0096D272 /* DetailViewController.swift */,
			);
			path = Controllers;
			sourceTree = "<group>";
		};
		04B4305C2869FCE000BD4904 /* ExploreMoreCollectionView */ = {
			isa = PBXGroup;
			children = (
				04060FD828593BBD00DF93F6 /* ExploreMoreCollectionView.swift */,
				04060FDA28593BEC00DF93F6 /* ExploreMoreCollectionViewCell.swift */,
			);
			path = ExploreMoreCollectionView;
			sourceTree = "<group>";
		};
		04B4305D2869FF6100BD4904 /* HeroesCollectionView */ = {
			isa = PBXGroup;
			children = (
				04C5C1A4284FDD890096D272 /* HeroesCollectionView.swift */,
				04C5C1A6284FDDCA0096D272 /* HeroCollectionViewCell.swift */,
				04C5C1B4284FF16F0096D272 /* CharacterImageView.swift */,
			);
			path = HeroesCollectionView;
			sourceTree = "<group>";
		};
		04C5C19C284FD9E80096D272 /* Gallery */ = {
			isa = PBXGroup;
			children = (
				04FE0A3B284FCA2A00839CBF /* Assembly */,
				04C5C1B6284FF7430096D272 /* DataSource */,
				04C5C19D284FDA220096D272 /* Presenters */,
				04B430572869F7C500BD4904 /* Controllers */,
				04FE0A3A284FCA2200839CBF /* Views */,
			);
			path = Gallery;
			sourceTree = "<group>";
		};
		04C5C19D284FDA220096D272 /* Presenters */ = {
			isa = PBXGroup;
			children = (
				04C5C1A2284FDA630096D272 /* MainViewInput.swift */,
				04C5C19E284FDA3D0096D272 /* MainPresenter.swift */,
			);
			path = Presenters;
			sourceTree = "<group>";
		};
		04C5C1AF284FEDD90096D272 /* Models */ = {
			isa = PBXGroup;
			children = (
				04C5C1B0284FEE090096D272 /* HeroCellModel.swift */,
			);
			path = Models;
			sourceTree = "<group>";
		};
		04C5C1B6284FF7430096D272 /* DataSource */ = {
			isa = PBXGroup;
			children = (
				04C5C1B7284FF77B0096D272 /* MainDataSource.swift */,
				04C5C1AF284FEDD90096D272 /* Models */,
			);
			path = DataSource;
			sourceTree = "<group>";
		};
		04C5C1CF2851688D0096D272 /* Detail */ = {
			isa = PBXGroup;
			children = (
				04C5C1DF28516C6A0096D272 /* Assembly */,
				04C5C1D828516B1E0096D272 /* Presenters */,
				04B4305B2869FCAA00BD4904 /* Controllers */,
				04C5C1D7285169E10096D272 /* Views */,
			);
			path = Detail;
			sourceTree = "<group>";
		};
		04C5C1D7285169E10096D272 /* Views */ = {
			isa = PBXGroup;
			children = (
				04C5C1D5285169D10096D272 /* DetailViewUiDelegate.swift */,
				04C5C1D2285169490096D272 /* DetailView.swift */,
				04B4305C2869FCE000BD4904 /* ExploreMoreCollectionView */,
			);
			path = Views;
			sourceTree = "<group>";
		};
		04C5C1D828516B1E0096D272 /* Presenters */ = {
			isa = PBXGroup;
			children = (
				04C5C1DD28516B9F0096D272 /* DetailViewInput.swift */,
				04C5C1D928516B390096D272 /* DetailPresenter.swift */,
			);
			path = Presenters;
			sourceTree = "<group>";
		};
		04C5C1DF28516C6A0096D272 /* Assembly */ = {
			isa = PBXGroup;
			children = (
				04C5C1E028516C810096D272 /* DetailViewModuleBuilder.swift */,
			);
			path = Assembly;
			sourceTree = "<group>";
		};
		04CFB6B82864EDE400A2FED7 /* Services */ = {
			isa = PBXGroup;
			children = (
				04B430512869EA5800BD4904 /* Entity */,
				04C5C1B2284FF12D0096D272 /* ImageCache.swift */,
				04C5C1AA284FEC7A0096D272 /* NetworkManager.swift */,
				04C5C1BA28500F5F0096D272 /* HeroesRepository.swift */,
			);
			path = Services;
			sourceTree = "<group>";
		};
		04FE0A10284FC90A00839CBF = {
			isa = PBXGroup;
			children = (
				04FE0A1B284FC90A00839CBF /* marvelgram */,
				04FE0A1A284FC90A00839CBF /* Products */,
			);
			sourceTree = "<group>";
		};
		04FE0A1A284FC90A00839CBF /* Products */ = {
			isa = PBXGroup;
			children = (
				04FE0A19284FC90A00839CBF /* marvelgram.app */,
			);
			name = Products;
			sourceTree = "<group>";
		};
		04FE0A1B284FC90A00839CBF /* marvelgram */ = {
			isa = PBXGroup;
			children = (
				046E6CF12864EA7E0015CE31 /* Sources */,
				046E6CF02864EA490015CE31 /* Resources */,
				04FE0A2A284FC90B00839CBF /* Info.plist */,
			);
			path = marvelgram;
			sourceTree = "<group>";
		};
		04FE0A34284FC9C700839CBF /* App */ = {
			isa = PBXGroup;
			children = (
				04FE0A1C284FC90A00839CBF /* AppDelegate.swift */,
				04FE0A1E284FC90A00839CBF /* SceneDelegate.swift */,
			);
			path = App;
			sourceTree = "<group>";
		};
		04FE0A37284FC9F500839CBF /* Extensions */ = {
			isa = PBXGroup;
			children = (
				04FE0A35284FC9D600839CBF /* UIColor + ext.swift */,
				04C5C1CD285152630096D272 /* UIImage + ext.swift */,
				04B430582869F93400BD4904 /* UIView + ext.swift */,
			);
			path = Extensions;
			sourceTree = "<group>";
		};
		04FE0A39284FCA1B00839CBF /* Modules */ = {
			isa = PBXGroup;
			children = (
				04FE0A30284FC98600839CBF /* ModuleBuilder.swift */,
				04C5C19C284FD9E80096D272 /* Gallery */,
				04C5C1CF2851688D0096D272 /* Detail */,
			);
			path = Modules;
			sourceTree = "<group>";
		};
		04FE0A3A284FCA2200839CBF /* Views */ = {
			isa = PBXGroup;
			children = (
				04968560284FD96E00C1F9A8 /* MainViewUiDelegate.swift */,
				04FE0A3C284FCAAD00839CBF /* MainView.swift */,
				04B4305D2869FF6100BD4904 /* HeroesCollectionView */,
			);
			path = Views;
			sourceTree = "<group>";
		};
		04FE0A3B284FCA2A00839CBF /* Assembly */ = {
			isa = PBXGroup;
			children = (
				04FE0A32284FC99F00839CBF /* MainViewModuleBuilder.swift */,
			);
			path = Assembly;
			sourceTree = "<group>";
		};
/* End PBXGroup section */

/* Begin PBXNativeTarget section */
		04FE0A18284FC90A00839CBF /* marvelgram */ = {
			isa = PBXNativeTarget;
			buildConfigurationList = 04FE0A2D284FC90B00839CBF /* Build configuration list for PBXNativeTarget "marvelgram" */;
			buildPhases = (
				04C5C1BD285016990096D272 /* Run SwiftLint Script */,
				04FE0A15284FC90A00839CBF /* Sources */,
				04FE0A16284FC90A00839CBF /* Frameworks */,
				04FE0A17284FC90A00839CBF /* Resources */,
			);
			buildRules = (
			);
			dependencies = (
			);
			name = marvelgram;
			productName = marvelgram;
			productReference = 04FE0A19284FC90A00839CBF /* marvelgram.app */;
			productType = "com.apple.product-type.application";
		};
/* End PBXNativeTarget section */

/* Begin PBXProject section */
		04FE0A11284FC90A00839CBF /* Project object */ = {
			isa = PBXProject;
			attributes = {
				BuildIndependentTargetsInParallel = 1;
				LastSwiftUpdateCheck = 1330;
				LastUpgradeCheck = 1330;
				TargetAttributes = {
					04FE0A18284FC90A00839CBF = {
						CreatedOnToolsVersion = 13.3.1;
					};
				};
			};
			buildConfigurationList = 04FE0A14284FC90A00839CBF /* Build configuration list for PBXProject "marvelgram" */;
			compatibilityVersion = "Xcode 13.0";
			developmentRegion = en;
			hasScannedForEncodings = 0;
			knownRegions = (
				en,
				Base,
			);
			mainGroup = 04FE0A10284FC90A00839CBF;
			productRefGroup = 04FE0A1A284FC90A00839CBF /* Products */;
			projectDirPath = "";
			projectRoot = "";
			targets = (
				04FE0A18284FC90A00839CBF /* marvelgram */,
			);
		};
/* End PBXProject section */

/* Begin PBXResourcesBuildPhase section */
		04FE0A17284FC90A00839CBF /* Resources */ = {
			isa = PBXResourcesBuildPhase;
			buildActionMask = 2147483647;
			files = (
				04B4305F286A34EC00BD4904 /* ColorAssets.xcassets in Resources */,
				04060FCA2859077C00DF93F6 /* SF-Pro.ttf in Resources */,
				04060FD12859343C00DF93F6 /* Localizable.strings in Resources */,
				04FE0A29284FC90B00839CBF /* LaunchScreen.storyboard in Resources */,
				04FE0A26284FC90B00839CBF /* ImageAssets.xcassets in Resources */,
			);
			runOnlyForDeploymentPostprocessing = 0;
		};
/* End PBXResourcesBuildPhase section */

/* Begin PBXShellScriptBuildPhase section */
		04C5C1BD285016990096D272 /* Run SwiftLint Script */ = {
			isa = PBXShellScriptBuildPhase;
			buildActionMask = 2147483647;
			files = (
			);
			inputFileListPaths = (
			);
			inputPaths = (
			);
			name = "Run SwiftLint Script";
			outputFileListPaths = (
			);
			outputPaths = (
			);
			runOnlyForDeploymentPostprocessing = 0;
			shellPath = /bin/sh;
			shellScript = "if test -d \"/opt/homebrew/bin/\"; then\n  PATH=\"/opt/homebrew/bin/:${PATH}\"\nfi\n\nexport PATH\n\nif which swiftlint >/dev/null; then\n  swiftlint\nelse\n  echo \"warning: SwiftLint not installed, download from https://github.com/realm/SwiftLint\"\nfi\n";
		};
/* End PBXShellScriptBuildPhase section */

/* Begin PBXSourcesBuildPhase section */
		04FE0A15284FC90A00839CBF /* Sources */ = {
			isa = PBXSourcesBuildPhase;
			buildActionMask = 2147483647;
			files = (
				04C5C1E128516C810096D272 /* DetailViewModuleBuilder.swift in Sources */,
				04C5C1A5284FDD890096D272 /* HeroesCollectionView.swift in Sources */,
				04FE0A33284FC99F00839CBF /* MainViewModuleBuilder.swift in Sources */,
				04C5C1B3284FF12D0096D272 /* ImageCache.swift in Sources */,
				04FE0A21284FC90A00839CBF /* MainViewController.swift in Sources */,
				04FE0A1D284FC90A00839CBF /* AppDelegate.swift in Sources */,
				04C5C1D1285168FA0096D272 /* DetailViewController.swift in Sources */,
				04C5C1D3285169490096D272 /* DetailView.swift in Sources */,
				04B430592869F93400BD4904 /* UIView + ext.swift in Sources */,
				04C5C1A3284FDA630096D272 /* MainViewInput.swift in Sources */,
				04C5C1D6285169D10096D272 /* DetailViewUiDelegate.swift in Sources */,
				04C5C1AE284FED200096D272 /* Hero.swift in Sources */,
				04C5C1A7284FDDCA0096D272 /* HeroCollectionViewCell.swift in Sources */,
				04C5C1B5284FF16F0096D272 /* CharacterImageView.swift in Sources */,
				04B430562869EB9700BD4904 /* JSONResponse.swift in Sources */,
				04060FD52859345300DF93F6 /* Localization.swift in Sources */,
				04968561284FD96E00C1F9A8 /* MainViewUiDelegate.swift in Sources */,
				04CFB6B72864ECAC00A2FED7 /* FontLibrary.swift in Sources */,
				04C5C1B8284FF77B0096D272 /* MainDataSource.swift in Sources */,
				04B430542869EAA800BD4904 /* NetworkError.swift in Sources */,
				04C5C1BF285019980096D272 /* MarvelBarButtonItem.swift in Sources */,
				04C5C1DC28516B750096D272 /* DetailViewOutput.swift in Sources */,
				04C5C1B1284FEE090096D272 /* HeroCellModel.swift in Sources */,
				04C5C1DE28516B9F0096D272 /* DetailViewInput.swift in Sources */,
				04FE0A36284FC9D600839CBF /* UIColor + ext.swift in Sources */,
				04C5C1CE285152630096D272 /* UIImage + ext.swift in Sources */,
				04FE0A1F284FC90A00839CBF /* SceneDelegate.swift in Sources */,
				04FE0A3D284FCAAD00839CBF /* MainView.swift in Sources */,
				04C5C1BB28500F5F0096D272 /* HeroesRepository.swift in Sources */,
				04C5C1AB284FEC7A0096D272 /* NetworkManager.swift in Sources */,
				04C5C1DA28516B390096D272 /* DetailPresenter.swift in Sources */,
				04060FDB28593BEC00DF93F6 /* ExploreMoreCollectionViewCell.swift in Sources */,
				04060FD928593BBD00DF93F6 /* ExploreMoreCollectionView.swift in Sources */,
				04C5C1A1284FDA5D0096D272 /* MainViewOutput.swift in Sources */,
				04C5C19F284FDA3D0096D272 /* MainPresenter.swift in Sources */,
				04FE0A31284FC98600839CBF /* ModuleBuilder.swift in Sources */,
			);
			runOnlyForDeploymentPostprocessing = 0;
		};
/* End PBXSourcesBuildPhase section */

/* Begin PBXVariantGroup section */
		04060FD32859343C00DF93F6 /* Localizable.strings */ = {
			isa = PBXVariantGroup;
			children = (
				04060FD22859343C00DF93F6 /* en */,
			);
			name = Localizable.strings;
			sourceTree = "<group>";
		};
		04FE0A27284FC90B00839CBF /* LaunchScreen.storyboard */ = {
			isa = PBXVariantGroup;
			children = (
				04FE0A28284FC90B00839CBF /* Base */,
			);
			name = LaunchScreen.storyboard;
			sourceTree = "<group>";
		};
/* End PBXVariantGroup section */

/* Begin XCBuildConfiguration section */
		04FE0A2B284FC90B00839CBF /* Debug */ = {
			isa = XCBuildConfiguration;
			buildSettings = {
				ALWAYS_SEARCH_USER_PATHS = NO;
				CLANG_ANALYZER_LOCALIZABILITY_NONLOCALIZED = YES;
				CLANG_ANALYZER_NONNULL = YES;
				CLANG_ANALYZER_NUMBER_OBJECT_CONVERSION = YES_AGGRESSIVE;
				CLANG_CXX_LANGUAGE_STANDARD = "gnu++17";
				CLANG_ENABLE_MODULES = YES;
				CLANG_ENABLE_OBJC_ARC = YES;
				CLANG_ENABLE_OBJC_WEAK = YES;
				CLANG_WARN_BLOCK_CAPTURE_AUTORELEASING = YES;
				CLANG_WARN_BOOL_CONVERSION = YES;
				CLANG_WARN_COMMA = YES;
				CLANG_WARN_CONSTANT_CONVERSION = YES;
				CLANG_WARN_DEPRECATED_OBJC_IMPLEMENTATIONS = YES;
				CLANG_WARN_DIRECT_OBJC_ISA_USAGE = YES_ERROR;
				CLANG_WARN_DOCUMENTATION_COMMENTS = YES;
				CLANG_WARN_EMPTY_BODY = YES;
				CLANG_WARN_ENUM_CONVERSION = YES;
				CLANG_WARN_INFINITE_RECURSION = YES;
				CLANG_WARN_INT_CONVERSION = YES;
				CLANG_WARN_NON_LITERAL_NULL_CONVERSION = YES;
				CLANG_WARN_OBJC_IMPLICIT_RETAIN_SELF = YES;
				CLANG_WARN_OBJC_LITERAL_CONVERSION = YES;
				CLANG_WARN_OBJC_ROOT_CLASS = YES_ERROR;
				CLANG_WARN_QUOTED_INCLUDE_IN_FRAMEWORK_HEADER = YES;
				CLANG_WARN_RANGE_LOOP_ANALYSIS = YES;
				CLANG_WARN_STRICT_PROTOTYPES = YES;
				CLANG_WARN_SUSPICIOUS_MOVE = YES;
				CLANG_WARN_UNGUARDED_AVAILABILITY = YES_AGGRESSIVE;
				CLANG_WARN_UNREACHABLE_CODE = YES;
				CLANG_WARN__DUPLICATE_METHOD_MATCH = YES;
				COPY_PHASE_STRIP = NO;
				DEBUG_INFORMATION_FORMAT = dwarf;
				ENABLE_STRICT_OBJC_MSGSEND = YES;
				ENABLE_TESTABILITY = YES;
				GCC_C_LANGUAGE_STANDARD = gnu11;
				GCC_DYNAMIC_NO_PIC = NO;
				GCC_NO_COMMON_BLOCKS = YES;
				GCC_OPTIMIZATION_LEVEL = 0;
				GCC_PREPROCESSOR_DEFINITIONS = (
					"DEBUG=1",
					"$(inherited)",
				);
				GCC_WARN_64_TO_32_BIT_CONVERSION = YES;
				GCC_WARN_ABOUT_RETURN_TYPE = YES_ERROR;
				GCC_WARN_UNDECLARED_SELECTOR = YES;
				GCC_WARN_UNINITIALIZED_AUTOS = YES_AGGRESSIVE;
				GCC_WARN_UNUSED_FUNCTION = YES;
				GCC_WARN_UNUSED_VARIABLE = YES;
				IPHONEOS_DEPLOYMENT_TARGET = 15.4;
				MTL_ENABLE_DEBUG_INFO = INCLUDE_SOURCE;
				MTL_FAST_MATH = YES;
				ONLY_ACTIVE_ARCH = YES;
				SDKROOT = iphoneos;
				SWIFT_ACTIVE_COMPILATION_CONDITIONS = DEBUG;
				SWIFT_OPTIMIZATION_LEVEL = "-Onone";
			};
			name = Debug;
		};
		04FE0A2C284FC90B00839CBF /* Release */ = {
			isa = XCBuildConfiguration;
			buildSettings = {
				ALWAYS_SEARCH_USER_PATHS = NO;
				CLANG_ANALYZER_LOCALIZABILITY_NONLOCALIZED = YES;
				CLANG_ANALYZER_NONNULL = YES;
				CLANG_ANALYZER_NUMBER_OBJECT_CONVERSION = YES_AGGRESSIVE;
				CLANG_CXX_LANGUAGE_STANDARD = "gnu++17";
				CLANG_ENABLE_MODULES = YES;
				CLANG_ENABLE_OBJC_ARC = YES;
				CLANG_ENABLE_OBJC_WEAK = YES;
				CLANG_WARN_BLOCK_CAPTURE_AUTORELEASING = YES;
				CLANG_WARN_BOOL_CONVERSION = YES;
				CLANG_WARN_COMMA = YES;
				CLANG_WARN_CONSTANT_CONVERSION = YES;
				CLANG_WARN_DEPRECATED_OBJC_IMPLEMENTATIONS = YES;
				CLANG_WARN_DIRECT_OBJC_ISA_USAGE = YES_ERROR;
				CLANG_WARN_DOCUMENTATION_COMMENTS = YES;
				CLANG_WARN_EMPTY_BODY = YES;
				CLANG_WARN_ENUM_CONVERSION = YES;
				CLANG_WARN_INFINITE_RECURSION = YES;
				CLANG_WARN_INT_CONVERSION = YES;
				CLANG_WARN_NON_LITERAL_NULL_CONVERSION = YES;
				CLANG_WARN_OBJC_IMPLICIT_RETAIN_SELF = YES;
				CLANG_WARN_OBJC_LITERAL_CONVERSION = YES;
				CLANG_WARN_OBJC_ROOT_CLASS = YES_ERROR;
				CLANG_WARN_QUOTED_INCLUDE_IN_FRAMEWORK_HEADER = YES;
				CLANG_WARN_RANGE_LOOP_ANALYSIS = YES;
				CLANG_WARN_STRICT_PROTOTYPES = YES;
				CLANG_WARN_SUSPICIOUS_MOVE = YES;
				CLANG_WARN_UNGUARDED_AVAILABILITY = YES_AGGRESSIVE;
				CLANG_WARN_UNREACHABLE_CODE = YES;
				CLANG_WARN__DUPLICATE_METHOD_MATCH = YES;
				COPY_PHASE_STRIP = NO;
				DEBUG_INFORMATION_FORMAT = "dwarf-with-dsym";
				ENABLE_NS_ASSERTIONS = NO;
				ENABLE_STRICT_OBJC_MSGSEND = YES;
				GCC_C_LANGUAGE_STANDARD = gnu11;
				GCC_NO_COMMON_BLOCKS = YES;
				GCC_WARN_64_TO_32_BIT_CONVERSION = YES;
				GCC_WARN_ABOUT_RETURN_TYPE = YES_ERROR;
				GCC_WARN_UNDECLARED_SELECTOR = YES;
				GCC_WARN_UNINITIALIZED_AUTOS = YES_AGGRESSIVE;
				GCC_WARN_UNUSED_FUNCTION = YES;
				GCC_WARN_UNUSED_VARIABLE = YES;
				IPHONEOS_DEPLOYMENT_TARGET = 15.4;
				MTL_ENABLE_DEBUG_INFO = NO;
				MTL_FAST_MATH = YES;
				SDKROOT = iphoneos;
				SWIFT_COMPILATION_MODE = wholemodule;
				SWIFT_OPTIMIZATION_LEVEL = "-O";
				VALIDATE_PRODUCT = YES;
			};
			name = Release;
		};
		04FE0A2E284FC90B00839CBF /* Debug */ = {
			isa = XCBuildConfiguration;
			buildSettings = {
				ASSETCATALOG_COMPILER_APPICON_NAME = AppIcon;
				ASSETCATALOG_COMPILER_GLOBAL_ACCENT_COLOR_NAME = AccentColor;
				CODE_SIGN_STYLE = Automatic;
				CURRENT_PROJECT_VERSION = 1;
				DEVELOPMENT_TEAM = CSN823SSAY;
				GENERATE_INFOPLIST_FILE = YES;
				INFOPLIST_FILE = marvelgram/Info.plist;
				INFOPLIST_KEY_UIApplicationSupportsIndirectInputEvents = YES;
				INFOPLIST_KEY_UILaunchStoryboardName = LaunchScreen;
				INFOPLIST_KEY_UISupportedInterfaceOrientations = UIInterfaceOrientationPortrait;
				INFOPLIST_KEY_UISupportedInterfaceOrientations_iPad = "UIInterfaceOrientationPortrait UIInterfaceOrientationPortraitUpsideDown UIInterfaceOrientationLandscapeLeft UIInterfaceOrientationLandscapeRight";
				INFOPLIST_KEY_UISupportedInterfaceOrientations_iPhone = "UIInterfaceOrientationPortrait UIInterfaceOrientationLandscapeLeft UIInterfaceOrientationLandscapeRight";
				IPHONEOS_DEPLOYMENT_TARGET = 13.0;
				LD_RUNPATH_SEARCH_PATHS = (
					"$(inherited)",
					"@executable_path/Frameworks",
				);
				MARKETING_VERSION = 1.0;
				PRODUCT_BUNDLE_IDENTIFIER = com.mikhailchaus.marvelgram;
				PRODUCT_NAME = "$(TARGET_NAME)";
				SWIFT_EMIT_LOC_STRINGS = YES;
				SWIFT_VERSION = 5.0;
				TARGETED_DEVICE_FAMILY = 1;
			};
			name = Debug;
		};
		04FE0A2F284FC90B00839CBF /* Release */ = {
			isa = XCBuildConfiguration;
			buildSettings = {
				ASSETCATALOG_COMPILER_APPICON_NAME = AppIcon;
				ASSETCATALOG_COMPILER_GLOBAL_ACCENT_COLOR_NAME = AccentColor;
				CODE_SIGN_STYLE = Automatic;
				CURRENT_PROJECT_VERSION = 1;
				DEVELOPMENT_TEAM = CSN823SSAY;
				GENERATE_INFOPLIST_FILE = YES;
				INFOPLIST_FILE = marvelgram/Info.plist;
				INFOPLIST_KEY_UIApplicationSupportsIndirectInputEvents = YES;
				INFOPLIST_KEY_UILaunchStoryboardName = LaunchScreen;
				INFOPLIST_KEY_UISupportedInterfaceOrientations = UIInterfaceOrientationPortrait;
				INFOPLIST_KEY_UISupportedInterfaceOrientations_iPad = "UIInterfaceOrientationPortrait UIInterfaceOrientationPortraitUpsideDown UIInterfaceOrientationLandscapeLeft UIInterfaceOrientationLandscapeRight";
				INFOPLIST_KEY_UISupportedInterfaceOrientations_iPhone = "UIInterfaceOrientationPortrait UIInterfaceOrientationLandscapeLeft UIInterfaceOrientationLandscapeRight";
				IPHONEOS_DEPLOYMENT_TARGET = 13.0;
				LD_RUNPATH_SEARCH_PATHS = (
					"$(inherited)",
					"@executable_path/Frameworks",
				);
				MARKETING_VERSION = 1.0;
				PRODUCT_BUNDLE_IDENTIFIER = com.mikhailchaus.marvelgram;
				PRODUCT_NAME = "$(TARGET_NAME)";
				SWIFT_EMIT_LOC_STRINGS = YES;
				SWIFT_VERSION = 5.0;
				TARGETED_DEVICE_FAMILY = 1;
			};
			name = Release;
		};
/* End XCBuildConfiguration section */

/* Begin XCConfigurationList section */
		04FE0A14284FC90A00839CBF /* Build configuration list for PBXProject "marvelgram" */ = {
			isa = XCConfigurationList;
			buildConfigurations = (
				04FE0A2B284FC90B00839CBF /* Debug */,
				04FE0A2C284FC90B00839CBF /* Release */,
			);
			defaultConfigurationIsVisible = 0;
			defaultConfigurationName = Release;
		};
		04FE0A2D284FC90B00839CBF /* Build configuration list for PBXNativeTarget "marvelgram" */ = {
			isa = XCConfigurationList;
			buildConfigurations = (
				04FE0A2E284FC90B00839CBF /* Debug */,
				04FE0A2F284FC90B00839CBF /* Release */,
			);
			defaultConfigurationIsVisible = 0;
			defaultConfigurationName = Release;
		};
/* End XCConfigurationList section */
	};
	rootObject = 04FE0A11284FC90A00839CBF /* Project object */;
}
