// !$*UTF8*$!
{
	archiveVersion = 1;
	classes = {
	};
	objectVersion = 55;
	objects = {

/* Begin PBXBuildFile section */
		04755ED0289542DC00F45BE0 /* AppDelegate.swift in Sources */ = {isa = PBXBuildFile; fileRef = 04755ECF289542DC00F45BE0 /* AppDelegate.swift */; };
		04BA1D61289543AD00585726 /* AppCoordinator.swift in Sources */ = {isa = PBXBuildFile; fileRef = 04BA1D60289543AD00585726 /* AppCoordinator.swift */; };
		04BA1D63289543BE00585726 /* HeroesListCoordinator.swift in Sources */ = {isa = PBXBuildFile; fileRef = 04BA1D62289543BE00585726 /* HeroesListCoordinator.swift */; };
		04BA1D65289543DE00585726 /* Coordinator.swift in Sources */ = {isa = PBXBuildFile; fileRef = 04BA1D64289543DE00585726 /* Coordinator.swift */; };
		04BA1D67289543F700585726 /* HeroesListModuleBuilder.swift in Sources */ = {isa = PBXBuildFile; fileRef = 04BA1D66289543F700585726 /* HeroesListModuleBuilder.swift */; };
		04BA1D692895440500585726 /* ModuleBuilder.swift in Sources */ = {isa = PBXBuildFile; fileRef = 04BA1D682895440500585726 /* ModuleBuilder.swift */; };
		04BA1D6B2895443E00585726 /* HeroesListViewController.swift in Sources */ = {isa = PBXBuildFile; fileRef = 04BA1D6A2895443E00585726 /* HeroesListViewController.swift */; };
		04BA1D6D2895446900585726 /* HeroesListView.swift in Sources */ = {isa = PBXBuildFile; fileRef = 04BA1D6C2895446900585726 /* HeroesListView.swift */; };
		04BA1D6F2895448A00585726 /* HeroesListViewInput.swift in Sources */ = {isa = PBXBuildFile; fileRef = 04BA1D6E2895448A00585726 /* HeroesListViewInput.swift */; };
		04BA1D712895456800585726 /* AppColor.swift in Sources */ = {isa = PBXBuildFile; fileRef = 04BA1D702895456800585726 /* AppColor.swift */; };
		04BA1D752895457C00585726 /* AppFont.swift in Sources */ = {isa = PBXBuildFile; fileRef = 04BA1D742895457C00585726 /* AppFont.swift */; };
		04BA1D772895458B00585726 /* AppLocalize.swift in Sources */ = {isa = PBXBuildFile; fileRef = 04BA1D762895458B00585726 /* AppLocalize.swift */; };
		04BA1D79289545AD00585726 /* UIColor+Hex.swift in Sources */ = {isa = PBXBuildFile; fileRef = 04BA1D78289545AD00585726 /* UIColor+Hex.swift */; };
		04BA1D7B289545D400585726 /* SF-Pro.ttf in Resources */ = {isa = PBXBuildFile; fileRef = 04BA1D7A289545D400585726 /* SF-Pro.ttf */; };
		04BA1D7D2895461A00585726 /* Images.xcassets in Resources */ = {isa = PBXBuildFile; fileRef = 04BA1D7C2895461A00585726 /* Images.xcassets */; };
		04BA1D7F2895462000585726 /* Localizable.strings in Resources */ = {isa = PBXBuildFile; fileRef = 04BA1D7E2895462000585726 /* Localizable.strings */; };
		04BA1D812895463500585726 /* LaunchScreen.storyboard in Resources */ = {isa = PBXBuildFile; fileRef = 04BA1D802895463500585726 /* LaunchScreen.storyboard */; };
		04BA1D832895465E00585726 /* UIImage+Assets.swift in Sources */ = {isa = PBXBuildFile; fileRef = 04BA1D822895465E00585726 /* UIImage+Assets.swift */; };
		04BA1D85289548AF00585726 /* HeroesListViewOutput.swift in Sources */ = {isa = PBXBuildFile; fileRef = 04BA1D84289548AF00585726 /* HeroesListViewOutput.swift */; };
		04BA1D87289548E100585726 /* HeroesListPresenter.swift in Sources */ = {isa = PBXBuildFile; fileRef = 04BA1D86289548E100585726 /* HeroesListPresenter.swift */; };
		04BA1D9728954A6900585726 /* HeroDetailsViewModuleBuilder.swift in Sources */ = {isa = PBXBuildFile; fileRef = 04BA1D9628954A6900585726 /* HeroDetailsViewModuleBuilder.swift */; };
		04BA1D9928954A8300585726 /* HeroDetailsCoordinator.swift in Sources */ = {isa = PBXBuildFile; fileRef = 04BA1D9828954A8300585726 /* HeroDetailsCoordinator.swift */; };
		04BA1D9B28954AAE00585726 /* HeroDetailsViewInput.swift in Sources */ = {isa = PBXBuildFile; fileRef = 04BA1D9A28954AAE00585726 /* HeroDetailsViewInput.swift */; };
		04BA1D9D28954ABA00585726 /* HeroDetailsPresenter.swift in Sources */ = {isa = PBXBuildFile; fileRef = 04BA1D9C28954ABA00585726 /* HeroDetailsPresenter.swift */; };
		04BA1D9F28954AE400585726 /* HeroDetailsViewOutput.swift in Sources */ = {isa = PBXBuildFile; fileRef = 04BA1D9E28954AE400585726 /* HeroDetailsViewOutput.swift */; };
		04BA1DA128954B0200585726 /* HeroDetailsViewController.swift in Sources */ = {isa = PBXBuildFile; fileRef = 04BA1DA028954B0200585726 /* HeroDetailsViewController.swift */; };
		04BA1DA328954B2600585726 /* HeroDetailsView.swift in Sources */ = {isa = PBXBuildFile; fileRef = 04BA1DA228954B2600585726 /* HeroDetailsView.swift */; };
		04BA1DAA2895564F00585726 /* HeroesSeleсtingCollectionView.swift in Sources */ = {isa = PBXBuildFile; fileRef = 04BA1DA92895564F00585726 /* HeroesSeleсtingCollectionView.swift */; };
		04BA1DAE2895567E00585726 /* HeroImageViewCell.swift in Sources */ = {isa = PBXBuildFile; fileRef = 04BA1DAD2895567E00585726 /* HeroImageViewCell.swift */; };
		04BA1DB02895573400585726 /* UICollectionView+ReuseId.swift in Sources */ = {isa = PBXBuildFile; fileRef = 04BA1DAF2895573400585726 /* UICollectionView+ReuseId.swift */; };
		04BA1DB22895574E00585726 /* ReuseIdentifiable.swift in Sources */ = {isa = PBXBuildFile; fileRef = 04BA1DB12895574E00585726 /* ReuseIdentifiable.swift */; };
		04BA1DB528955AAD00585726 /* DefaultGridFlowLayout.swift in Sources */ = {isa = PBXBuildFile; fileRef = 04BA1DB428955AAD00585726 /* DefaultGridFlowLayout.swift */; };
		04BA1DB828955B5E00585726 /* MarvelBarButtonItem.swift in Sources */ = {isa = PBXBuildFile; fileRef = 04BA1DB728955B5E00585726 /* MarvelBarButtonItem.swift */; };
		04BA1DBB289560C500585726 /* TopAlignedLabel.swift in Sources */ = {isa = PBXBuildFile; fileRef = 04BA1DBA289560C500585726 /* TopAlignedLabel.swift */; };
		04BA1DBE289560F700585726 /* OtherHeroesCollectionView.swift in Sources */ = {isa = PBXBuildFile; fileRef = 04BA1DBD289560F700585726 /* OtherHeroesCollectionView.swift */; };
		04BA1DC02895637600585726 /* BackBarButtonItem.swift in Sources */ = {isa = PBXBuildFile; fileRef = 04BA1DBF2895637600585726 /* BackBarButtonItem.swift */; };
		04BA1DC22895643900585726 /* UILabel+InterlineSpacing.swift in Sources */ = {isa = PBXBuildFile; fileRef = 04BA1DC12895643900585726 /* UILabel+InterlineSpacing.swift */; };
		04BA1DC42895841D00585726 /* Hero.swift in Sources */ = {isa = PBXBuildFile; fileRef = 04BA1DC32895841D00585726 /* Hero.swift */; };
		04BA1DC82895845B00585726 /* API.swift in Sources */ = {isa = PBXBuildFile; fileRef = 04BA1DC72895845B00585726 /* API.swift */; };
		04BA1DCB2895847A00585726 /* Networkable.swift in Sources */ = {isa = PBXBuildFile; fileRef = 04BA1DCA2895847A00585726 /* Networkable.swift */; };
		04BA1DCD2895848600585726 /* NetworkError.swift in Sources */ = {isa = PBXBuildFile; fileRef = 04BA1DCC2895848600585726 /* NetworkError.swift */; };
		04BA1DCF289584A400585726 /* NetworkService.swift in Sources */ = {isa = PBXBuildFile; fileRef = 04BA1DCE289584A400585726 /* NetworkService.swift */; };
		04BA1DD12898016E00585726 /* HeroesListDataSource.swift in Sources */ = {isa = PBXBuildFile; fileRef = 04BA1DD02898016E00585726 /* HeroesListDataSource.swift */; };
		04BA1DD32898018000585726 /* HeroCellModel.swift in Sources */ = {isa = PBXBuildFile; fileRef = 04BA1DD22898018000585726 /* HeroCellModel.swift */; };
		04BA1DD72898040800585726 /* RemovebleActivityIndicatorView.swift in Sources */ = {isa = PBXBuildFile; fileRef = 04BA1DD62898040800585726 /* RemovebleActivityIndicatorView.swift */; };
		04BA1DDB289808B200585726 /* ImageLoader.swift in Sources */ = {isa = PBXBuildFile; fileRef = 04BA1DDA289808B200585726 /* ImageLoader.swift */; };
		04BA1DDD289808CC00585726 /* ImageCache.swift in Sources */ = {isa = PBXBuildFile; fileRef = 04BA1DDC289808CC00585726 /* ImageCache.swift */; };
		04BA1DE028985EF900585726 /* HeroesRepository.swift in Sources */ = {isa = PBXBuildFile; fileRef = 04BA1DDF28985EF900585726 /* HeroesRepository.swift */; };
		04BA1DE6289869E600585726 /* HeroDetailsDataSource.swift in Sources */ = {isa = PBXBuildFile; fileRef = 04BA1DE5289869E600585726 /* HeroDetailsDataSource.swift */; };
		04BA1DE92898867A00585726 /* HeroSearchController.swift in Sources */ = {isa = PBXBuildFile; fileRef = 04BA1DE82898867A00585726 /* HeroSearchController.swift */; };
		04BA1DEB2898887100585726 /* String+ReplacingOccurrences.swift in Sources */ = {isa = PBXBuildFile; fileRef = 04BA1DEA2898887100585726 /* String+ReplacingOccurrences.swift */; };
		04BA1DEE2898888600585726 /* IndexPath+Zero.swift in Sources */ = {isa = PBXBuildFile; fileRef = 04BA1DED2898888600585726 /* IndexPath+Zero.swift */; };
		04BA1DF02898910800585726 /* InstaGridFlowLayout.swift in Sources */ = {isa = PBXBuildFile; fileRef = 04BA1DEF2898910800585726 /* InstaGridFlowLayout.swift */; };
		04BA1DF22898912900585726 /* CGSize+Side.swift in Sources */ = {isa = PBXBuildFile; fileRef = 04BA1DF12898912900585726 /* CGSize+Side.swift */; };
		04BA1DF52898914200585726 /* CGRect+DividedIntegral.swift in Sources */ = {isa = PBXBuildFile; fileRef = 04BA1DF42898914200585726 /* CGRect+DividedIntegral.swift */; };
/* End PBXBuildFile section */

/* Begin PBXFileReference section */
		04755ECC289542DC00F45BE0 /* marvelgram.app */ = {isa = PBXFileReference; explicitFileType = wrapper.application; includeInIndex = 0; path = marvelgram.app; sourceTree = BUILT_PRODUCTS_DIR; };
		04755ECF289542DC00F45BE0 /* AppDelegate.swift */ = {isa = PBXFileReference; lastKnownFileType = sourcecode.swift; path = AppDelegate.swift; sourceTree = "<group>"; };
		04755EDD289542DD00F45BE0 /* Info.plist */ = {isa = PBXFileReference; lastKnownFileType = text.plist.xml; path = Info.plist; sourceTree = "<group>"; };
		04BA1D60289543AD00585726 /* AppCoordinator.swift */ = {isa = PBXFileReference; lastKnownFileType = sourcecode.swift; path = AppCoordinator.swift; sourceTree = "<group>"; };
		04BA1D62289543BE00585726 /* HeroesListCoordinator.swift */ = {isa = PBXFileReference; lastKnownFileType = sourcecode.swift; path = HeroesListCoordinator.swift; sourceTree = "<group>"; };
		04BA1D64289543DE00585726 /* Coordinator.swift */ = {isa = PBXFileReference; lastKnownFileType = sourcecode.swift; path = Coordinator.swift; sourceTree = "<group>"; };
		04BA1D66289543F700585726 /* HeroesListModuleBuilder.swift */ = {isa = PBXFileReference; lastKnownFileType = sourcecode.swift; path = HeroesListModuleBuilder.swift; sourceTree = "<group>"; };
		04BA1D682895440500585726 /* ModuleBuilder.swift */ = {isa = PBXFileReference; lastKnownFileType = sourcecode.swift; path = ModuleBuilder.swift; sourceTree = "<group>"; };
		04BA1D6A2895443E00585726 /* HeroesListViewController.swift */ = {isa = PBXFileReference; lastKnownFileType = sourcecode.swift; path = HeroesListViewController.swift; sourceTree = "<group>"; };
		04BA1D6C2895446900585726 /* HeroesListView.swift */ = {isa = PBXFileReference; lastKnownFileType = sourcecode.swift; path = HeroesListView.swift; sourceTree = "<group>"; };
		04BA1D6E2895448A00585726 /* HeroesListViewInput.swift */ = {isa = PBXFileReference; lastKnownFileType = sourcecode.swift; path = HeroesListViewInput.swift; sourceTree = "<group>"; };
		04BA1D702895456800585726 /* AppColor.swift */ = {isa = PBXFileReference; lastKnownFileType = sourcecode.swift; path = AppColor.swift; sourceTree = "<group>"; };
		04BA1D742895457C00585726 /* AppFont.swift */ = {isa = PBXFileReference; lastKnownFileType = sourcecode.swift; path = AppFont.swift; sourceTree = "<group>"; };
		04BA1D762895458B00585726 /* AppLocalize.swift */ = {isa = PBXFileReference; lastKnownFileType = sourcecode.swift; path = AppLocalize.swift; sourceTree = "<group>"; };
		04BA1D78289545AD00585726 /* UIColor+Hex.swift */ = {isa = PBXFileReference; lastKnownFileType = sourcecode.swift; path = "UIColor+Hex.swift"; sourceTree = "<group>"; };
		04BA1D7A289545D400585726 /* SF-Pro.ttf */ = {isa = PBXFileReference; lastKnownFileType = file; path = "SF-Pro.ttf"; sourceTree = "<group>"; };
		04BA1D7C2895461A00585726 /* Images.xcassets */ = {isa = PBXFileReference; lastKnownFileType = folder.assetcatalog; path = Images.xcassets; sourceTree = "<group>"; };
		04BA1D7E2895462000585726 /* Localizable.strings */ = {isa = PBXFileReference; fileEncoding = 4; lastKnownFileType = text.plist.strings; path = Localizable.strings; sourceTree = "<group>"; };
		04BA1D802895463500585726 /* LaunchScreen.storyboard */ = {isa = PBXFileReference; fileEncoding = 4; lastKnownFileType = file.storyboard; path = LaunchScreen.storyboard; sourceTree = "<group>"; };
		04BA1D822895465E00585726 /* UIImage+Assets.swift */ = {isa = PBXFileReference; lastKnownFileType = sourcecode.swift; path = "UIImage+Assets.swift"; sourceTree = "<group>"; };
		04BA1D84289548AF00585726 /* HeroesListViewOutput.swift */ = {isa = PBXFileReference; lastKnownFileType = sourcecode.swift; path = HeroesListViewOutput.swift; sourceTree = "<group>"; };
		04BA1D86289548E100585726 /* HeroesListPresenter.swift */ = {isa = PBXFileReference; lastKnownFileType = sourcecode.swift; path = HeroesListPresenter.swift; sourceTree = "<group>"; };
		04BA1D9628954A6900585726 /* HeroDetailsViewModuleBuilder.swift */ = {isa = PBXFileReference; lastKnownFileType = sourcecode.swift; path = HeroDetailsViewModuleBuilder.swift; sourceTree = "<group>"; };
		04BA1D9828954A8300585726 /* HeroDetailsCoordinator.swift */ = {isa = PBXFileReference; lastKnownFileType = sourcecode.swift; path = HeroDetailsCoordinator.swift; sourceTree = "<group>"; };
		04BA1D9A28954AAE00585726 /* HeroDetailsViewInput.swift */ = {isa = PBXFileReference; lastKnownFileType = sourcecode.swift; path = HeroDetailsViewInput.swift; sourceTree = "<group>"; };
		04BA1D9C28954ABA00585726 /* HeroDetailsPresenter.swift */ = {isa = PBXFileReference; lastKnownFileType = sourcecode.swift; path = HeroDetailsPresenter.swift; sourceTree = "<group>"; };
		04BA1D9E28954AE400585726 /* HeroDetailsViewOutput.swift */ = {isa = PBXFileReference; lastKnownFileType = sourcecode.swift; path = HeroDetailsViewOutput.swift; sourceTree = "<group>"; };
		04BA1DA028954B0200585726 /* HeroDetailsViewController.swift */ = {isa = PBXFileReference; lastKnownFileType = sourcecode.swift; path = HeroDetailsViewController.swift; sourceTree = "<group>"; };
		04BA1DA228954B2600585726 /* HeroDetailsView.swift */ = {isa = PBXFileReference; lastKnownFileType = sourcecode.swift; path = HeroDetailsView.swift; sourceTree = "<group>"; };
		04BA1DA92895564F00585726 /* HeroesSeleсtingCollectionView.swift */ = {isa = PBXFileReference; lastKnownFileType = sourcecode.swift; path = "HeroesSeleсtingCollectionView.swift"; sourceTree = "<group>"; };
		04BA1DAD2895567E00585726 /* HeroImageViewCell.swift */ = {isa = PBXFileReference; lastKnownFileType = sourcecode.swift; path = HeroImageViewCell.swift; sourceTree = "<group>"; };
		04BA1DAF2895573400585726 /* UICollectionView+ReuseId.swift */ = {isa = PBXFileReference; lastKnownFileType = sourcecode.swift; path = "UICollectionView+ReuseId.swift"; sourceTree = "<group>"; };
		04BA1DB12895574E00585726 /* ReuseIdentifiable.swift */ = {isa = PBXFileReference; lastKnownFileType = sourcecode.swift; path = ReuseIdentifiable.swift; sourceTree = "<group>"; };
		04BA1DB428955AAD00585726 /* DefaultGridFlowLayout.swift */ = {isa = PBXFileReference; lastKnownFileType = sourcecode.swift; path = DefaultGridFlowLayout.swift; sourceTree = "<group>"; };
		04BA1DB728955B5E00585726 /* MarvelBarButtonItem.swift */ = {isa = PBXFileReference; lastKnownFileType = sourcecode.swift; path = MarvelBarButtonItem.swift; sourceTree = "<group>"; };
		04BA1DBA289560C500585726 /* TopAlignedLabel.swift */ = {isa = PBXFileReference; lastKnownFileType = sourcecode.swift; path = TopAlignedLabel.swift; sourceTree = "<group>"; };
		04BA1DBD289560F700585726 /* OtherHeroesCollectionView.swift */ = {isa = PBXFileReference; lastKnownFileType = sourcecode.swift; path = OtherHeroesCollectionView.swift; sourceTree = "<group>"; };
		04BA1DBF2895637600585726 /* BackBarButtonItem.swift */ = {isa = PBXFileReference; lastKnownFileType = sourcecode.swift; path = BackBarButtonItem.swift; sourceTree = "<group>"; };
		04BA1DC12895643900585726 /* UILabel+InterlineSpacing.swift */ = {isa = PBXFileReference; lastKnownFileType = sourcecode.swift; path = "UILabel+InterlineSpacing.swift"; sourceTree = "<group>"; };
		04BA1DC32895841D00585726 /* Hero.swift */ = {isa = PBXFileReference; lastKnownFileType = sourcecode.swift; path = Hero.swift; sourceTree = "<group>"; };
		04BA1DC72895845B00585726 /* API.swift */ = {isa = PBXFileReference; lastKnownFileType = sourcecode.swift; path = API.swift; sourceTree = "<group>"; };
		04BA1DCA2895847A00585726 /* Networkable.swift */ = {isa = PBXFileReference; lastKnownFileType = sourcecode.swift; path = Networkable.swift; sourceTree = "<group>"; };
		04BA1DCC2895848600585726 /* NetworkError.swift */ = {isa = PBXFileReference; lastKnownFileType = sourcecode.swift; path = NetworkError.swift; sourceTree = "<group>"; };
		04BA1DCE289584A400585726 /* NetworkService.swift */ = {isa = PBXFileReference; lastKnownFileType = sourcecode.swift; path = NetworkService.swift; sourceTree = "<group>"; };
		04BA1DD02898016E00585726 /* HeroesListDataSource.swift */ = {isa = PBXFileReference; lastKnownFileType = sourcecode.swift; path = HeroesListDataSource.swift; sourceTree = "<group>"; };
		04BA1DD22898018000585726 /* HeroCellModel.swift */ = {isa = PBXFileReference; lastKnownFileType = sourcecode.swift; path = HeroCellModel.swift; sourceTree = "<group>"; };
		04BA1DD62898040800585726 /* RemovebleActivityIndicatorView.swift */ = {isa = PBXFileReference; lastKnownFileType = sourcecode.swift; path = RemovebleActivityIndicatorView.swift; sourceTree = "<group>"; };
		04BA1DDA289808B200585726 /* ImageLoader.swift */ = {isa = PBXFileReference; lastKnownFileType = sourcecode.swift; path = ImageLoader.swift; sourceTree = "<group>"; };
		04BA1DDC289808CC00585726 /* ImageCache.swift */ = {isa = PBXFileReference; lastKnownFileType = sourcecode.swift; path = ImageCache.swift; sourceTree = "<group>"; };
		04BA1DDF28985EF900585726 /* HeroesRepository.swift */ = {isa = PBXFileReference; lastKnownFileType = sourcecode.swift; path = HeroesRepository.swift; sourceTree = "<group>"; };
		04BA1DE5289869E600585726 /* HeroDetailsDataSource.swift */ = {isa = PBXFileReference; lastKnownFileType = sourcecode.swift; path = HeroDetailsDataSource.swift; sourceTree = "<group>"; };
		04BA1DE82898867A00585726 /* HeroSearchController.swift */ = {isa = PBXFileReference; lastKnownFileType = sourcecode.swift; path = HeroSearchController.swift; sourceTree = "<group>"; };
		04BA1DEA2898887100585726 /* String+ReplacingOccurrences.swift */ = {isa = PBXFileReference; lastKnownFileType = sourcecode.swift; path = "String+ReplacingOccurrences.swift"; sourceTree = "<group>"; };
		04BA1DED2898888600585726 /* IndexPath+Zero.swift */ = {isa = PBXFileReference; lastKnownFileType = sourcecode.swift; path = "IndexPath+Zero.swift"; sourceTree = "<group>"; };
		04BA1DEF2898910800585726 /* InstaGridFlowLayout.swift */ = {isa = PBXFileReference; lastKnownFileType = sourcecode.swift; path = InstaGridFlowLayout.swift; sourceTree = "<group>"; };
		04BA1DF12898912900585726 /* CGSize+Side.swift */ = {isa = PBXFileReference; lastKnownFileType = sourcecode.swift; path = "CGSize+Side.swift"; sourceTree = "<group>"; };
		04BA1DF42898914200585726 /* CGRect+DividedIntegral.swift */ = {isa = PBXFileReference; lastKnownFileType = sourcecode.swift; path = "CGRect+DividedIntegral.swift"; sourceTree = "<group>"; };
/* End PBXFileReference section */

/* Begin PBXFrameworksBuildPhase section */
		04755EC9289542DC00F45BE0 /* Frameworks */ = {
			isa = PBXFrameworksBuildPhase;
			buildActionMask = 2147483647;
			files = (
			);
			runOnlyForDeploymentPostprocessing = 0;
		};
/* End PBXFrameworksBuildPhase section */

/* Begin PBXGroup section */
		04755EC3289542DC00F45BE0 = {
			isa = PBXGroup;
			children = (
				04755ECE289542DC00F45BE0 /* marvelgram */,
				04755ECD289542DC00F45BE0 /* Products */,
			);
			sourceTree = "<group>";
		};
		04755ECD289542DC00F45BE0 /* Products */ = {
			isa = PBXGroup;
			children = (
				04755ECC289542DC00F45BE0 /* marvelgram.app */,
			);
			name = Products;
			sourceTree = "<group>";
		};
		04755ECE289542DC00F45BE0 /* marvelgram */ = {
			isa = PBXGroup;
			children = (
				04BA1D8C289549C500585726 /* Sources */,
				04BA1D8B289549B300585726 /* Resources */,
				04755EDD289542DD00F45BE0 /* Info.plist */,
			);
			path = marvelgram;
			sourceTree = "<group>";
		};
		04BA1D882895498D00585726 /* App */ = {
			isa = PBXGroup;
			children = (
				04755ECF289542DC00F45BE0 /* AppDelegate.swift */,
				04BA1D60289543AD00585726 /* AppCoordinator.swift */,
			);
			path = App;
			sourceTree = "<group>";
		};
		04BA1D892895499A00585726 /* HeroesList */ = {
			isa = PBXGroup;
			children = (
				04BA1D9128954A1500585726 /* Assembly */,
				04BA1DD5289801A400585726 /* DataSource */,
				04BA1D9228954A1C00585726 /* Coordinating */,
				04BA1D9328954A2300585726 /* Presenters */,
				04BA1D9428954A3100585726 /* Controllers */,
				04BA1D9528954A3500585726 /* Views */,
			);
			path = HeroesList;
			sourceTree = "<group>";
		};
		04BA1D8A289549A600585726 /* Supporting Files */ = {
			isa = PBXGroup;
			children = (
				04BA1DB12895574E00585726 /* ReuseIdentifiable.swift */,
				04BA1D682895440500585726 /* ModuleBuilder.swift */,
				04BA1D64289543DE00585726 /* Coordinator.swift */,
			);
			path = "Supporting Files";
			sourceTree = "<group>";
		};
		04BA1D8B289549B300585726 /* Resources */ = {
			isa = PBXGroup;
			children = (
				04BA1D802895463500585726 /* LaunchScreen.storyboard */,
				04BA1D702895456800585726 /* AppColor.swift */,
				04BA1D742895457C00585726 /* AppFont.swift */,
				04BA1D762895458B00585726 /* AppLocalize.swift */,
				04BA1D7E2895462000585726 /* Localizable.strings */,
				04BA1D7C2895461A00585726 /* Images.xcassets */,
				04BA1D7A289545D400585726 /* SF-Pro.ttf */,
			);
			path = Resources;
			sourceTree = "<group>";
		};
		04BA1D8C289549C500585726 /* Sources */ = {
			isa = PBXGroup;
			children = (
				04BA1D882895498D00585726 /* App */,
				04BA1DC62895844700585726 /* Services */,
				04BA1D8F289549FA00585726 /* Modules */,
				04BA1D8A289549A600585726 /* Supporting Files */,
				04BA1D8D289549DA00585726 /* Extensions */,
			);
			path = Sources;
			sourceTree = "<group>";
		};
		04BA1D8D289549DA00585726 /* Extensions */ = {
			isa = PBXGroup;
			children = (
				04BA1D8E289549DF00585726 /* UIKit */,
				04BA1DEC2898887600585726 /* Foundation */,
				04BA1DF32898913300585726 /* Core Graphics */,
			);
			path = Extensions;
			sourceTree = "<group>";
		};
		04BA1D8E289549DF00585726 /* UIKit */ = {
			isa = PBXGroup;
			children = (
				04BA1DAF2895573400585726 /* UICollectionView+ReuseId.swift */,
				04BA1DC12895643900585726 /* UILabel+InterlineSpacing.swift */,
				04BA1D822895465E00585726 /* UIImage+Assets.swift */,
				04BA1D78289545AD00585726 /* UIColor+Hex.swift */,
			);
			path = UIKit;
			sourceTree = "<group>";
		};
		04BA1D8F289549FA00585726 /* Modules */ = {
			isa = PBXGroup;
			children = (
				04BA1D892895499A00585726 /* HeroesList */,
				04BA1D9028954A0800585726 /* HeroDetails */,
				04BA1DB3289557EE00585726 /* ReusebleViews */,
			);
			path = Modules;
			sourceTree = "<group>";
		};
		04BA1D9028954A0800585726 /* HeroDetails */ = {
			isa = PBXGroup;
			children = (
				04BA1DA428954B7A00585726 /* Assembly */,
				04BA1DE728986A1300585726 /* DataSource */,
				04BA1DA528954B7E00585726 /* Coordinating */,
				04BA1DA628954B8800585726 /* Presenters */,
				04BA1DA728954B9000585726 /* Controllers */,
				04BA1DA828954B9500585726 /* Views */,
			);
			path = HeroDetails;
			sourceTree = "<group>";
		};
		04BA1D9128954A1500585726 /* Assembly */ = {
			isa = PBXGroup;
			children = (
				04BA1D66289543F700585726 /* HeroesListModuleBuilder.swift */,
			);
			path = Assembly;
			sourceTree = "<group>";
		};
		04BA1D9228954A1C00585726 /* Coordinating */ = {
			isa = PBXGroup;
			children = (
				04BA1D62289543BE00585726 /* HeroesListCoordinator.swift */,
			);
			path = Coordinating;
			sourceTree = "<group>";
		};
		04BA1D9328954A2300585726 /* Presenters */ = {
			isa = PBXGroup;
			children = (
				04BA1D6E2895448A00585726 /* HeroesListViewInput.swift */,
				04BA1D86289548E100585726 /* HeroesListPresenter.swift */,
			);
			path = Presenters;
			sourceTree = "<group>";
		};
		04BA1D9428954A3100585726 /* Controllers */ = {
			isa = PBXGroup;
			children = (
				04BA1D84289548AF00585726 /* HeroesListViewOutput.swift */,
				04BA1D6A2895443E00585726 /* HeroesListViewController.swift */,
				04BA1DE82898867A00585726 /* HeroSearchController.swift */,
			);
			path = Controllers;
			sourceTree = "<group>";
		};
		04BA1D9528954A3500585726 /* Views */ = {
			isa = PBXGroup;
			children = (
				04BA1D6C2895446900585726 /* HeroesListView.swift */,
				04BA1DB928955B7B00585726 /* Subviews */,
				04BA1DB628955B4F00585726 /* FlowLayout */,
			);
			path = Views;
			sourceTree = "<group>";
		};
		04BA1DA428954B7A00585726 /* Assembly */ = {
			isa = PBXGroup;
			children = (
				04BA1D9628954A6900585726 /* HeroDetailsViewModuleBuilder.swift */,
			);
			path = Assembly;
			sourceTree = "<group>";
		};
		04BA1DA528954B7E00585726 /* Coordinating */ = {
			isa = PBXGroup;
			children = (
				04BA1D9828954A8300585726 /* HeroDetailsCoordinator.swift */,
			);
			path = Coordinating;
			sourceTree = "<group>";
		};
		04BA1DA628954B8800585726 /* Presenters */ = {
			isa = PBXGroup;
			children = (
				04BA1D9A28954AAE00585726 /* HeroDetailsViewInput.swift */,
				04BA1D9C28954ABA00585726 /* HeroDetailsPresenter.swift */,
			);
			path = Presenters;
			sourceTree = "<group>";
		};
		04BA1DA728954B9000585726 /* Controllers */ = {
			isa = PBXGroup;
			children = (
				04BA1D9E28954AE400585726 /* HeroDetailsViewOutput.swift */,
				04BA1DA028954B0200585726 /* HeroDetailsViewController.swift */,
			);
			path = Controllers;
			sourceTree = "<group>";
		};
		04BA1DA828954B9500585726 /* Views */ = {
			isa = PBXGroup;
			children = (
				04BA1DA228954B2600585726 /* HeroDetailsView.swift */,
				04BA1DBC289560D100585726 /* Subviews */,
			);
			path = Views;
			sourceTree = "<group>";
		};
		04BA1DB3289557EE00585726 /* ReusebleViews */ = {
			isa = PBXGroup;
			children = (
				04BA1DDA289808B200585726 /* ImageLoader.swift */,
				04BA1DAD2895567E00585726 /* HeroImageViewCell.swift */,
				04BA1DD62898040800585726 /* RemovebleActivityIndicatorView.swift */,
			);
			path = ReusebleViews;
			sourceTree = "<group>";
		};
		04BA1DB628955B4F00585726 /* FlowLayout */ = {
			isa = PBXGroup;
			children = (
				04BA1DB428955AAD00585726 /* DefaultGridFlowLayout.swift */,
				04BA1DEF2898910800585726 /* InstaGridFlowLayout.swift */,
			);
			path = FlowLayout;
			sourceTree = "<group>";
		};
		04BA1DB928955B7B00585726 /* Subviews */ = {
			isa = PBXGroup;
			children = (
				04BA1DB728955B5E00585726 /* MarvelBarButtonItem.swift */,
				04BA1DA92895564F00585726 /* HeroesSeleсtingCollectionView.swift */,
			);
			path = Subviews;
			sourceTree = "<group>";
		};
		04BA1DBC289560D100585726 /* Subviews */ = {
			isa = PBXGroup;
			children = (
				04BA1DBA289560C500585726 /* TopAlignedLabel.swift */,
				04BA1DBF2895637600585726 /* BackBarButtonItem.swift */,
				04BA1DBD289560F700585726 /* OtherHeroesCollectionView.swift */,
			);
			path = Subviews;
			sourceTree = "<group>";
		};
		04BA1DC52895844000585726 /* Entity */ = {
			isa = PBXGroup;
			children = (
				04BA1DC32895841D00585726 /* Hero.swift */,
			);
			path = Entity;
			sourceTree = "<group>";
		};
		04BA1DC62895844700585726 /* Services */ = {
			isa = PBXGroup;
			children = (
				04BA1DC52895844000585726 /* Entity */,
				04BA1DDE289808D500585726 /* Cache */,
				04BA1DC92895846900585726 /* Network */,
				04BA1DE128985EFC00585726 /* Repository */,
			);
			path = Services;
			sourceTree = "<group>";
		};
		04BA1DC92895846900585726 /* Network */ = {
			isa = PBXGroup;
			children = (
				04BA1DCE289584A400585726 /* NetworkService.swift */,
				04BA1DCC2895848600585726 /* NetworkError.swift */,
				04BA1DCA2895847A00585726 /* Networkable.swift */,
				04BA1DC72895845B00585726 /* API.swift */,
			);
			path = Network;
			sourceTree = "<group>";
		};
		04BA1DD5289801A400585726 /* DataSource */ = {
			isa = PBXGroup;
			children = (
				04BA1DD02898016E00585726 /* HeroesListDataSource.swift */,
				04BA1DE4289865C100585726 /* Models */,
			);
			name = DataSource;
			path = Models;
			sourceTree = "<group>";
		};
		04BA1DDE289808D500585726 /* Cache */ = {
			isa = PBXGroup;
			children = (
				04BA1DDC289808CC00585726 /* ImageCache.swift */,
			);
			path = Cache;
			sourceTree = "<group>";
		};
		04BA1DE128985EFC00585726 /* Repository */ = {
			isa = PBXGroup;
			children = (
				04BA1DDF28985EF900585726 /* HeroesRepository.swift */,
			);
			path = Repository;
			sourceTree = "<group>";
		};
		04BA1DE4289865C100585726 /* Models */ = {
			isa = PBXGroup;
			children = (
				04BA1DD22898018000585726 /* HeroCellModel.swift */,
			);
			path = Models;
			sourceTree = "<group>";
		};
		04BA1DE728986A1300585726 /* DataSource */ = {
			isa = PBXGroup;
			children = (
				04BA1DE5289869E600585726 /* HeroDetailsDataSource.swift */,
			);
			path = DataSource;
			sourceTree = "<group>";
		};
		04BA1DEC2898887600585726 /* Foundation */ = {
			isa = PBXGroup;
			children = (
				04BA1DEA2898887100585726 /* String+ReplacingOccurrences.swift */,
				04BA1DED2898888600585726 /* IndexPath+Zero.swift */,
			);
			path = Foundation;
			sourceTree = "<group>";
		};
		04BA1DF32898913300585726 /* Core Graphics */ = {
			isa = PBXGroup;
			children = (
				04BA1DF12898912900585726 /* CGSize+Side.swift */,
				04BA1DF42898914200585726 /* CGRect+DividedIntegral.swift */,
			);
			path = "Core Graphics";
			sourceTree = "<group>";
		};
/* End PBXGroup section */

/* Begin PBXNativeTarget section */
		04755ECB289542DC00F45BE0 /* marvelgram */ = {
			isa = PBXNativeTarget;
			buildConfigurationList = 04755EE0289542DD00F45BE0 /* Build configuration list for PBXNativeTarget "marvelgram" */;
			buildPhases = (
				04BA1D5F2895433800585726 /* Run SwiftLint Script */,
				04755EC8289542DC00F45BE0 /* Sources */,
				04755EC9289542DC00F45BE0 /* Frameworks */,
				04755ECA289542DC00F45BE0 /* Resources */,
			);
			buildRules = (
			);
			dependencies = (
			);
			name = marvelgram;
			productName = marvelgram;
			productReference = 04755ECC289542DC00F45BE0 /* marvelgram.app */;
			productType = "com.apple.product-type.application";
		};
/* End PBXNativeTarget section */

/* Begin PBXProject section */
		04755EC4289542DC00F45BE0 /* Project object */ = {
			isa = PBXProject;
			attributes = {
				BuildIndependentTargetsInParallel = 1;
				LastSwiftUpdateCheck = 1330;
				LastUpgradeCheck = 1330;
				TargetAttributes = {
					04755ECB289542DC00F45BE0 = {
						CreatedOnToolsVersion = 13.3.1;
					};
				};
			};
			buildConfigurationList = 04755EC7289542DC00F45BE0 /* Build configuration list for PBXProject "marvelgram" */;
			compatibilityVersion = "Xcode 13.0";
			developmentRegion = en;
			hasScannedForEncodings = 0;
			knownRegions = (
				en,
				Base,
			);
			mainGroup = 04755EC3289542DC00F45BE0;
			productRefGroup = 04755ECD289542DC00F45BE0 /* Products */;
			projectDirPath = "";
			projectRoot = "";
			targets = (
				04755ECB289542DC00F45BE0 /* marvelgram */,
			);
		};
/* End PBXProject section */

/* Begin PBXResourcesBuildPhase section */
		04755ECA289542DC00F45BE0 /* Resources */ = {
			isa = PBXResourcesBuildPhase;
			buildActionMask = 2147483647;
			files = (
				04BA1D7D2895461A00585726 /* Images.xcassets in Resources */,
				04BA1D812895463500585726 /* LaunchScreen.storyboard in Resources */,
				04BA1D7F2895462000585726 /* Localizable.strings in Resources */,
				04BA1D7B289545D400585726 /* SF-Pro.ttf in Resources */,
			);
			runOnlyForDeploymentPostprocessing = 0;
		};
/* End PBXResourcesBuildPhase section */

/* Begin PBXShellScriptBuildPhase section */
		04BA1D5F2895433800585726 /* Run SwiftLint Script */ = {
			isa = PBXShellScriptBuildPhase;
			buildActionMask = 2147483647;
			files = (
			);
			inputFileListPaths = (
			);
			inputPaths = (
			);
			name = "Run SwiftLint Script";
			outputFileListPaths = (
			);
			outputPaths = (
			);
			runOnlyForDeploymentPostprocessing = 0;
			shellPath = /bin/sh;
			shellScript = "if test -d \"/opt/homebrew/bin/\"; then\n  PATH=\"/opt/homebrew/bin/:${PATH}\"\nfi\n\nexport PATH\n\nif which swiftlint >/dev/null; then\n  swiftlint\nelse\n  echo \"warning: SwiftLint not installed, download from https://github.com/realm/SwiftLint\"\nfi\n";
		};
/* End PBXShellScriptBuildPhase section */

/* Begin PBXSourcesBuildPhase section */
		04755EC8289542DC00F45BE0 /* Sources */ = {
			isa = PBXSourcesBuildPhase;
			buildActionMask = 2147483647;
			files = (
				04BA1DA328954B2600585726 /* HeroDetailsView.swift in Sources */,
				04BA1DBB289560C500585726 /* TopAlignedLabel.swift in Sources */,
				04BA1D65289543DE00585726 /* Coordinator.swift in Sources */,
				04BA1DC02895637600585726 /* BackBarButtonItem.swift in Sources */,
				04BA1D712895456800585726 /* AppColor.swift in Sources */,
				04BA1DE92898867A00585726 /* HeroSearchController.swift in Sources */,
				04BA1DB528955AAD00585726 /* DefaultGridFlowLayout.swift in Sources */,
				04BA1D67289543F700585726 /* HeroesListModuleBuilder.swift in Sources */,
				04BA1DB02895573400585726 /* UICollectionView+ReuseId.swift in Sources */,
				04BA1D9728954A6900585726 /* HeroDetailsViewModuleBuilder.swift in Sources */,
				04BA1D63289543BE00585726 /* HeroesListCoordinator.swift in Sources */,
				04BA1DCB2895847A00585726 /* Networkable.swift in Sources */,
				04BA1D752895457C00585726 /* AppFont.swift in Sources */,
				04BA1D61289543AD00585726 /* AppCoordinator.swift in Sources */,
				04BA1D6D2895446900585726 /* HeroesListView.swift in Sources */,
				04BA1DEE2898888600585726 /* IndexPath+Zero.swift in Sources */,
				04BA1DDB289808B200585726 /* ImageLoader.swift in Sources */,
				04BA1DE6289869E600585726 /* HeroDetailsDataSource.swift in Sources */,
				04BA1D6B2895443E00585726 /* HeroesListViewController.swift in Sources */,
				04BA1DBE289560F700585726 /* OtherHeroesCollectionView.swift in Sources */,
				04BA1DCD2895848600585726 /* NetworkError.swift in Sources */,
				04BA1D9928954A8300585726 /* HeroDetailsCoordinator.swift in Sources */,
				04BA1D772895458B00585726 /* AppLocalize.swift in Sources */,
				04BA1DC42895841D00585726 /* Hero.swift in Sources */,
				04BA1DEB2898887100585726 /* String+ReplacingOccurrences.swift in Sources */,
				04BA1DB828955B5E00585726 /* MarvelBarButtonItem.swift in Sources */,
				04BA1DC22895643900585726 /* UILabel+InterlineSpacing.swift in Sources */,
				04BA1D79289545AD00585726 /* UIColor+Hex.swift in Sources */,
				04BA1D6F2895448A00585726 /* HeroesListViewInput.swift in Sources */,
				04BA1D9D28954ABA00585726 /* HeroDetailsPresenter.swift in Sources */,
				04BA1D9B28954AAE00585726 /* HeroDetailsViewInput.swift in Sources */,
				04BA1DA128954B0200585726 /* HeroDetailsViewController.swift in Sources */,
				04BA1DF02898910800585726 /* InstaGridFlowLayout.swift in Sources */,
				04BA1DD12898016E00585726 /* HeroesListDataSource.swift in Sources */,
				04755ED0289542DC00F45BE0 /* AppDelegate.swift in Sources */,
				04BA1DD32898018000585726 /* HeroCellModel.swift in Sources */,
				04BA1DD72898040800585726 /* RemovebleActivityIndicatorView.swift in Sources */,
				04BA1DAE2895567E00585726 /* HeroImageViewCell.swift in Sources */,
				04BA1D832895465E00585726 /* UIImage+Assets.swift in Sources */,
				04BA1D692895440500585726 /* ModuleBuilder.swift in Sources */,
				04BA1DF52898914200585726 /* CGRect+DividedIntegral.swift in Sources */,
				04BA1DE028985EF900585726 /* HeroesRepository.swift in Sources */,
				04BA1DB22895574E00585726 /* ReuseIdentifiable.swift in Sources */,
				04BA1D87289548E100585726 /* HeroesListPresenter.swift in Sources */,
				04BA1D9F28954AE400585726 /* HeroDetailsViewOutput.swift in Sources */,
				04BA1DCF289584A400585726 /* NetworkService.swift in Sources */,
				04BA1D85289548AF00585726 /* HeroesListViewOutput.swift in Sources */,
				04BA1DAA2895564F00585726 /* HeroesSeleсtingCollectionView.swift in Sources */,
				04BA1DF22898912900585726 /* CGSize+Side.swift in Sources */,
				04BA1DC82895845B00585726 /* API.swift in Sources */,
				04BA1DDD289808CC00585726 /* ImageCache.swift in Sources */,
			);
			runOnlyForDeploymentPostprocessing = 0;
		};
/* End PBXSourcesBuildPhase section */

/* Begin XCBuildConfiguration section */
		04755EDE289542DD00F45BE0 /* Debug */ = {
			isa = XCBuildConfiguration;
			buildSettings = {
				ALWAYS_SEARCH_USER_PATHS = NO;
				CLANG_ANALYZER_NONNULL = YES;
				CLANG_ANALYZER_NUMBER_OBJECT_CONVERSION = YES_AGGRESSIVE;
				CLANG_CXX_LANGUAGE_STANDARD = "gnu++17";
				CLANG_ENABLE_MODULES = YES;
				CLANG_ENABLE_OBJC_ARC = YES;
				CLANG_ENABLE_OBJC_WEAK = YES;
				CLANG_WARN_BLOCK_CAPTURE_AUTORELEASING = YES;
				CLANG_WARN_BOOL_CONVERSION = YES;
				CLANG_WARN_COMMA = YES;
				CLANG_WARN_CONSTANT_CONVERSION = YES;
				CLANG_WARN_DEPRECATED_OBJC_IMPLEMENTATIONS = YES;
				CLANG_WARN_DIRECT_OBJC_ISA_USAGE = YES_ERROR;
				CLANG_WARN_DOCUMENTATION_COMMENTS = YES;
				CLANG_WARN_EMPTY_BODY = YES;
				CLANG_WARN_ENUM_CONVERSION = YES;
				CLANG_WARN_INFINITE_RECURSION = YES;
				CLANG_WARN_INT_CONVERSION = YES;
				CLANG_WARN_NON_LITERAL_NULL_CONVERSION = YES;
				CLANG_WARN_OBJC_IMPLICIT_RETAIN_SELF = YES;
				CLANG_WARN_OBJC_LITERAL_CONVERSION = YES;
				CLANG_WARN_OBJC_ROOT_CLASS = YES_ERROR;
				CLANG_WARN_QUOTED_INCLUDE_IN_FRAMEWORK_HEADER = YES;
				CLANG_WARN_RANGE_LOOP_ANALYSIS = YES;
				CLANG_WARN_STRICT_PROTOTYPES = YES;
				CLANG_WARN_SUSPICIOUS_MOVE = YES;
				CLANG_WARN_UNGUARDED_AVAILABILITY = YES_AGGRESSIVE;
				CLANG_WARN_UNREACHABLE_CODE = YES;
				CLANG_WARN__DUPLICATE_METHOD_MATCH = YES;
				COPY_PHASE_STRIP = NO;
				DEBUG_INFORMATION_FORMAT = dwarf;
				ENABLE_STRICT_OBJC_MSGSEND = YES;
				ENABLE_TESTABILITY = YES;
				GCC_C_LANGUAGE_STANDARD = gnu11;
				GCC_DYNAMIC_NO_PIC = NO;
				GCC_NO_COMMON_BLOCKS = YES;
				GCC_OPTIMIZATION_LEVEL = 0;
				GCC_PREPROCESSOR_DEFINITIONS = (
					"DEBUG=1",
					"$(inherited)",
				);
				GCC_WARN_64_TO_32_BIT_CONVERSION = YES;
				GCC_WARN_ABOUT_RETURN_TYPE = YES_ERROR;
				GCC_WARN_UNDECLARED_SELECTOR = YES;
				GCC_WARN_UNINITIALIZED_AUTOS = YES_AGGRESSIVE;
				GCC_WARN_UNUSED_FUNCTION = YES;
				GCC_WARN_UNUSED_VARIABLE = YES;
				IPHONEOS_DEPLOYMENT_TARGET = 15.4;
				MTL_ENABLE_DEBUG_INFO = INCLUDE_SOURCE;
				MTL_FAST_MATH = YES;
				ONLY_ACTIVE_ARCH = YES;
				SDKROOT = iphoneos;
				SWIFT_ACTIVE_COMPILATION_CONDITIONS = DEBUG;
				SWIFT_OPTIMIZATION_LEVEL = "-Onone";
			};
			name = Debug;
		};
		04755EDF289542DD00F45BE0 /* Release */ = {
			isa = XCBuildConfiguration;
			buildSettings = {
				ALWAYS_SEARCH_USER_PATHS = NO;
				CLANG_ANALYZER_NONNULL = YES;
				CLANG_ANALYZER_NUMBER_OBJECT_CONVERSION = YES_AGGRESSIVE;
				CLANG_CXX_LANGUAGE_STANDARD = "gnu++17";
				CLANG_ENABLE_MODULES = YES;
				CLANG_ENABLE_OBJC_ARC = YES;
				CLANG_ENABLE_OBJC_WEAK = YES;
				CLANG_WARN_BLOCK_CAPTURE_AUTORELEASING = YES;
				CLANG_WARN_BOOL_CONVERSION = YES;
				CLANG_WARN_COMMA = YES;
				CLANG_WARN_CONSTANT_CONVERSION = YES;
				CLANG_WARN_DEPRECATED_OBJC_IMPLEMENTATIONS = YES;
				CLANG_WARN_DIRECT_OBJC_ISA_USAGE = YES_ERROR;
				CLANG_WARN_DOCUMENTATION_COMMENTS = YES;
				CLANG_WARN_EMPTY_BODY = YES;
				CLANG_WARN_ENUM_CONVERSION = YES;
				CLANG_WARN_INFINITE_RECURSION = YES;
				CLANG_WARN_INT_CONVERSION = YES;
				CLANG_WARN_NON_LITERAL_NULL_CONVERSION = YES;
				CLANG_WARN_OBJC_IMPLICIT_RETAIN_SELF = YES;
				CLANG_WARN_OBJC_LITERAL_CONVERSION = YES;
				CLANG_WARN_OBJC_ROOT_CLASS = YES_ERROR;
				CLANG_WARN_QUOTED_INCLUDE_IN_FRAMEWORK_HEADER = YES;
				CLANG_WARN_RANGE_LOOP_ANALYSIS = YES;
				CLANG_WARN_STRICT_PROTOTYPES = YES;
				CLANG_WARN_SUSPICIOUS_MOVE = YES;
				CLANG_WARN_UNGUARDED_AVAILABILITY = YES_AGGRESSIVE;
				CLANG_WARN_UNREACHABLE_CODE = YES;
				CLANG_WARN__DUPLICATE_METHOD_MATCH = YES;
				COPY_PHASE_STRIP = NO;
				DEBUG_INFORMATION_FORMAT = "dwarf-with-dsym";
				ENABLE_NS_ASSERTIONS = NO;
				ENABLE_STRICT_OBJC_MSGSEND = YES;
				GCC_C_LANGUAGE_STANDARD = gnu11;
				GCC_NO_COMMON_BLOCKS = YES;
				GCC_WARN_64_TO_32_BIT_CONVERSION = YES;
				GCC_WARN_ABOUT_RETURN_TYPE = YES_ERROR;
				GCC_WARN_UNDECLARED_SELECTOR = YES;
				GCC_WARN_UNINITIALIZED_AUTOS = YES_AGGRESSIVE;
				GCC_WARN_UNUSED_FUNCTION = YES;
				GCC_WARN_UNUSED_VARIABLE = YES;
				IPHONEOS_DEPLOYMENT_TARGET = 15.4;
				MTL_ENABLE_DEBUG_INFO = NO;
				MTL_FAST_MATH = YES;
				SDKROOT = iphoneos;
				SWIFT_COMPILATION_MODE = wholemodule;
				SWIFT_OPTIMIZATION_LEVEL = "-O";
				VALIDATE_PRODUCT = YES;
			};
			name = Release;
		};
		04755EE1289542DD00F45BE0 /* Debug */ = {
			isa = XCBuildConfiguration;
			buildSettings = {
				ASSETCATALOG_COMPILER_APPICON_NAME = AppIcon;
				ASSETCATALOG_COMPILER_GLOBAL_ACCENT_COLOR_NAME = AccentColor;
				CODE_SIGN_STYLE = Automatic;
				CURRENT_PROJECT_VERSION = 1;
				DEVELOPMENT_TEAM = CSN823SSAY;
				GENERATE_INFOPLIST_FILE = YES;
				INFOPLIST_FILE = marvelgram/Info.plist;
				INFOPLIST_KEY_UIApplicationSupportsIndirectInputEvents = YES;
				INFOPLIST_KEY_UILaunchStoryboardName = LaunchScreen;
				INFOPLIST_KEY_UISupportedInterfaceOrientations = UIInterfaceOrientationPortrait;
				INFOPLIST_KEY_UISupportedInterfaceOrientations_iPad = "UIInterfaceOrientationPortrait UIInterfaceOrientationPortraitUpsideDown UIInterfaceOrientationLandscapeLeft UIInterfaceOrientationLandscapeRight";
				INFOPLIST_KEY_UISupportedInterfaceOrientations_iPhone = "UIInterfaceOrientationPortrait UIInterfaceOrientationLandscapeLeft UIInterfaceOrientationLandscapeRight";
				IPHONEOS_DEPLOYMENT_TARGET = 12.0;
				LD_RUNPATH_SEARCH_PATHS = (
					"$(inherited)",
					"@executable_path/Frameworks",
				);
				MARKETING_VERSION = 1.0;
				PRODUCT_BUNDLE_IDENTIFIER = com.mikhailchaus.marvelgram;
				PRODUCT_NAME = "$(TARGET_NAME)";
				SWIFT_EMIT_LOC_STRINGS = YES;
				SWIFT_VERSION = 5.0;
				TARGETED_DEVICE_FAMILY = 1;
			};
			name = Debug;
		};
		04755EE2289542DD00F45BE0 /* Release */ = {
			isa = XCBuildConfiguration;
			buildSettings = {
				ASSETCATALOG_COMPILER_APPICON_NAME = AppIcon;
				ASSETCATALOG_COMPILER_GLOBAL_ACCENT_COLOR_NAME = AccentColor;
				CODE_SIGN_STYLE = Automatic;
				CURRENT_PROJECT_VERSION = 1;
				DEVELOPMENT_TEAM = CSN823SSAY;
				GENERATE_INFOPLIST_FILE = YES;
				INFOPLIST_FILE = marvelgram/Info.plist;
				INFOPLIST_KEY_UIApplicationSupportsIndirectInputEvents = YES;
				INFOPLIST_KEY_UILaunchStoryboardName = LaunchScreen;
				INFOPLIST_KEY_UISupportedInterfaceOrientations = UIInterfaceOrientationPortrait;
				INFOPLIST_KEY_UISupportedInterfaceOrientations_iPad = "UIInterfaceOrientationPortrait UIInterfaceOrientationPortraitUpsideDown UIInterfaceOrientationLandscapeLeft UIInterfaceOrientationLandscapeRight";
				INFOPLIST_KEY_UISupportedInterfaceOrientations_iPhone = "UIInterfaceOrientationPortrait UIInterfaceOrientationLandscapeLeft UIInterfaceOrientationLandscapeRight";
				IPHONEOS_DEPLOYMENT_TARGET = 12.0;
				LD_RUNPATH_SEARCH_PATHS = (
					"$(inherited)",
					"@executable_path/Frameworks",
				);
				MARKETING_VERSION = 1.0;
				PRODUCT_BUNDLE_IDENTIFIER = com.mikhailchaus.marvelgram;
				PRODUCT_NAME = "$(TARGET_NAME)";
				SWIFT_EMIT_LOC_STRINGS = YES;
				SWIFT_VERSION = 5.0;
				TARGETED_DEVICE_FAMILY = 1;
			};
			name = Release;
		};
/* End XCBuildConfiguration section */

/* Begin XCConfigurationList section */
		04755EC7289542DC00F45BE0 /* Build configuration list for PBXProject "marvelgram" */ = {
			isa = XCConfigurationList;
			buildConfigurations = (
				04755EDE289542DD00F45BE0 /* Debug */,
				04755EDF289542DD00F45BE0 /* Release */,
			);
			defaultConfigurationIsVisible = 0;
			defaultConfigurationName = Release;
		};
		04755EE0289542DD00F45BE0 /* Build configuration list for PBXNativeTarget "marvelgram" */ = {
			isa = XCConfigurationList;
			buildConfigurations = (
				04755EE1289542DD00F45BE0 /* Debug */,
				04755EE2289542DD00F45BE0 /* Release */,
			);
			defaultConfigurationIsVisible = 0;
			defaultConfigurationName = Release;
		};
/* End XCConfigurationList section */
	};
	rootObject = 04755EC4289542DC00F45BE0 /* Project object */;
}
